// !$*UTF8*$!
{
	archiveVersion = 1;
	classes = {
	};
	objectVersion = 51;
	objects = {

/* Begin PBXBuildFile section */
		14243827F49BF8723E194C1F /* Pods_Pure_Dividends_PDPersistence.framework in Frameworks */ = {isa = PBXBuildFile; fileRef = 30281D8EDEF83F2D5DA01730 /* Pods_Pure_Dividends_PDPersistence.framework */; };
		1C0F4E706CC8C783331586F1 /* Pods_Pure_Dividends_PDNetworking.framework in Frameworks */ = {isa = PBXBuildFile; fileRef = 363A2A674F31488F4E8F8C81 /* Pods_Pure_Dividends_PDNetworking.framework */; };
		3D79721D1B3162E223C87B43 /* Pods_Pure_Dividends_PDPersistence_PDPersistenceTests.framework in Frameworks */ = {isa = PBXBuildFile; fileRef = B4AA8B21833CCA1F13569B00 /* Pods_Pure_Dividends_PDPersistence_PDPersistenceTests.framework */; };
		479107B3FB16519999635AA2 /* Pods_Pure_DividendsTests.framework in Frameworks */ = {isa = PBXBuildFile; fileRef = 43A8DD2DFE0716AEB7596B29 /* Pods_Pure_DividendsTests.framework */; };
		6305869D06691DEC8D0AFAE1 /* Pods_Pure_Dividends.framework in Frameworks */ = {isa = PBXBuildFile; fileRef = E2C62E16E298C3603CCC0EED /* Pods_Pure_Dividends.framework */; };
		633BA5B5299372C7D1BCEB09 /* Pods_Pure_Dividends_PDNetworking_PDNetworkingTests.framework in Frameworks */ = {isa = PBXBuildFile; fileRef = 20E82D0489A34BB993F20FE7 /* Pods_Pure_Dividends_PDNetworking_PDNetworkingTests.framework */; };
		D6BA4CCE967F0A4FEC9E39AB /* Pods_Pure_DividendsUITests.framework in Frameworks */ = {isa = PBXBuildFile; fileRef = 72186F2B2C5311AD6BB13230 /* Pods_Pure_DividendsUITests.framework */; };
		FA0461042308B5EF00907E6F /* TickerSearchResultItem.swift in Sources */ = {isa = PBXBuildFile; fileRef = FA0461032308B5EF00907E6F /* TickerSearchResultItem.swift */; };
		FA5845C323023A220078C2AD /* AddStockRouter.swift in Sources */ = {isa = PBXBuildFile; fileRef = FA5845BF23023A220078C2AD /* AddStockRouter.swift */; };
		FA5845C423023A220078C2AD /* AddStockViewController.swift in Sources */ = {isa = PBXBuildFile; fileRef = FA5845C023023A220078C2AD /* AddStockViewController.swift */; };
		FA5845C523023A220078C2AD /* AddStockBuilder.swift in Sources */ = {isa = PBXBuildFile; fileRef = FA5845C123023A220078C2AD /* AddStockBuilder.swift */; };
		FA5845C623023A220078C2AD /* AddStockInteractor.swift in Sources */ = {isa = PBXBuildFile; fileRef = FA5845C223023A220078C2AD /* AddStockInteractor.swift */; };
		FA6522EB22CE84C3001BEEFD /* PDPersistence.framework in Frameworks */ = {isa = PBXBuildFile; fileRef = FA6522E222CE84C3001BEEFD /* PDPersistence.framework */; };
		FA6522F222CE84C3001BEEFD /* KeyValueStoreTests.swift in Sources */ = {isa = PBXBuildFile; fileRef = FA6522F122CE84C3001BEEFD /* KeyValueStoreTests.swift */; };
		FA6522F422CE84C3001BEEFD /* PDPersistence.h in Headers */ = {isa = PBXBuildFile; fileRef = FA6522E422CE84C3001BEEFD /* PDPersistence.h */; settings = {ATTRIBUTES = (Public, ); }; };
		FA6522F722CE84C3001BEEFD /* PDPersistence.framework in Frameworks */ = {isa = PBXBuildFile; fileRef = FA6522E222CE84C3001BEEFD /* PDPersistence.framework */; };
		FA6522F822CE84C3001BEEFD /* PDPersistence.framework in Embed Frameworks */ = {isa = PBXBuildFile; fileRef = FA6522E222CE84C3001BEEFD /* PDPersistence.framework */; settings = {ATTRIBUTES = (CodeSignOnCopy, RemoveHeadersOnCopy, ); }; };
		FA65230022CE85AF001BEEFD /* KeyValueStore.swift in Sources */ = {isa = PBXBuildFile; fileRef = FA6522FF22CE85AF001BEEFD /* KeyValueStore.swift */; };
		FA6661C922C83FF200E65AC7 /* SessionManager.swift in Sources */ = {isa = PBXBuildFile; fileRef = FA6661C822C83FF200E65AC7 /* SessionManager.swift */; };
		FA6661D122C8412900E65AC7 /* SessionManagerTests.swift in Sources */ = {isa = PBXBuildFile; fileRef = FA6661D022C8412900E65AC7 /* SessionManagerTests.swift */; };
		FA6661D522C84A6500E65AC7 /* Session.swift in Sources */ = {isa = PBXBuildFile; fileRef = FA6661D422C84A6500E65AC7 /* Session.swift */; };
		FA6661E122C8522F00E65AC7 /* PortfolioListRouter.swift in Sources */ = {isa = PBXBuildFile; fileRef = FA6661DD22C8522F00E65AC7 /* PortfolioListRouter.swift */; };
		FA6661E222C8522F00E65AC7 /* PortfolioListViewController.swift in Sources */ = {isa = PBXBuildFile; fileRef = FA6661DE22C8522F00E65AC7 /* PortfolioListViewController.swift */; };
		FA6661E322C8522F00E65AC7 /* PortfolioListBuilder.swift in Sources */ = {isa = PBXBuildFile; fileRef = FA6661DF22C8522F00E65AC7 /* PortfolioListBuilder.swift */; };
		FA6661E422C8522F00E65AC7 /* PortfolioListInteractor.swift in Sources */ = {isa = PBXBuildFile; fileRef = FA6661E022C8522F00E65AC7 /* PortfolioListInteractor.swift */; };
		FA6661E822C8608100E65AC7 /* UITableViewCell+extensions.swift in Sources */ = {isa = PBXBuildFile; fileRef = FA6661E722C8608100E65AC7 /* UITableViewCell+extensions.swift */; };
		FA6661EA22C8632B00E65AC7 /* StockViewModel.swift in Sources */ = {isa = PBXBuildFile; fileRef = FA6661E922C8632B00E65AC7 /* StockViewModel.swift */; };
		FA6661EC22C8634B00E65AC7 /* StockCell.swift in Sources */ = {isa = PBXBuildFile; fileRef = FA6661EB22C8634B00E65AC7 /* StockCell.swift */; };
		FA6661FF22C9607400E65AC7 /* PDNetworking.framework in Frameworks */ = {isa = PBXBuildFile; fileRef = FA6661F622C9607400E65AC7 /* PDNetworking.framework */; };
		FA66620622C9607400E65AC7 /* PDNetworkingTests.swift in Sources */ = {isa = PBXBuildFile; fileRef = FA66620522C9607400E65AC7 /* PDNetworkingTests.swift */; };
		FA66620822C9607400E65AC7 /* PDNetworking.h in Headers */ = {isa = PBXBuildFile; fileRef = FA6661F822C9607400E65AC7 /* PDNetworking.h */; settings = {ATTRIBUTES = (Public, ); }; };
		FA66620B22C9607400E65AC7 /* PDNetworking.framework in Frameworks */ = {isa = PBXBuildFile; fileRef = FA6661F622C9607400E65AC7 /* PDNetworking.framework */; };
		FA66620C22C9607400E65AC7 /* PDNetworking.framework in Embed Frameworks */ = {isa = PBXBuildFile; fileRef = FA6661F622C9607400E65AC7 /* PDNetworking.framework */; settings = {ATTRIBUTES = (CodeSignOnCopy, RemoveHeadersOnCopy, ); }; };
		FA66621B22C96C7200E65AC7 /* IEXClient.swift in Sources */ = {isa = PBXBuildFile; fileRef = FA66621A22C96C7200E65AC7 /* IEXClient.swift */; };
		FA66621C22C96F5800E65AC7 /* StockModel.swift in Sources */ = {isa = PBXBuildFile; fileRef = FA66621822C968D100E65AC7 /* StockModel.swift */; };
		FA66621D22C96F5F00E65AC7 /* IEXService.swift in Sources */ = {isa = PBXBuildFile; fileRef = FA6661ED22C95F2B00E65AC7 /* IEXService.swift */; };
		FA66621E22C96F7600E65AC7 /* IEXServiceTests.swift in Sources */ = {isa = PBXBuildFile; fileRef = FA6661EF22C9600F00E65AC7 /* IEXServiceTests.swift */; };
		FA8F1BE522BDE4BB00B22AA8 /* AppComponent.swift in Sources */ = {isa = PBXBuildFile; fileRef = FA8F1BE422BDE4BB00B22AA8 /* AppComponent.swift */; };
		FA8F1BEB22BDE4EE00B22AA8 /* RootRouter.swift in Sources */ = {isa = PBXBuildFile; fileRef = FA8F1BE722BDE4EE00B22AA8 /* RootRouter.swift */; };
		FA8F1BEC22BDE4EE00B22AA8 /* RootViewController.swift in Sources */ = {isa = PBXBuildFile; fileRef = FA8F1BE822BDE4EE00B22AA8 /* RootViewController.swift */; };
		FA8F1BED22BDE4EE00B22AA8 /* RootBuilder.swift in Sources */ = {isa = PBXBuildFile; fileRef = FA8F1BE922BDE4EE00B22AA8 /* RootBuilder.swift */; };
		FA8F1BEE22BDE4EE00B22AA8 /* RootInteractor.swift in Sources */ = {isa = PBXBuildFile; fileRef = FA8F1BEA22BDE4EE00B22AA8 /* RootInteractor.swift */; };
		FA90DF9C22ECBACD0062F38F /* BaseViewControllable.swift in Sources */ = {isa = PBXBuildFile; fileRef = FA90DF9B22ECBACD0062F38F /* BaseViewControllable.swift */; };
		FA90DF9E22ECBF340062F38F /* NavigationViewControllable.swift in Sources */ = {isa = PBXBuildFile; fileRef = FA90DF9D22ECBF340062F38F /* NavigationViewControllable.swift */; };
		FA90DFA422ECC0B30062F38F /* StockDetailsRouter.swift in Sources */ = {isa = PBXBuildFile; fileRef = FA90DFA022ECC0B30062F38F /* StockDetailsRouter.swift */; };
		FA90DFA522ECC0B30062F38F /* StockDetailsViewController.swift in Sources */ = {isa = PBXBuildFile; fileRef = FA90DFA122ECC0B30062F38F /* StockDetailsViewController.swift */; };
		FA90DFA622ECC0B30062F38F /* StockDetailsBuilder.swift in Sources */ = {isa = PBXBuildFile; fileRef = FA90DFA222ECC0B30062F38F /* StockDetailsBuilder.swift */; };
		FA90DFA722ECC0B30062F38F /* StockDetailsInteractor.swift in Sources */ = {isa = PBXBuildFile; fileRef = FA90DFA322ECC0B30062F38F /* StockDetailsInteractor.swift */; };
		FA90DFA922ECFD630062F38F /* StockQuoteModel.swift in Sources */ = {isa = PBXBuildFile; fileRef = FA90DFA822ECFD630062F38F /* StockQuoteModel.swift */; };
		FA97D92A22A23D1B003529EC /* AppDelegate.swift in Sources */ = {isa = PBXBuildFile; fileRef = FA97D92922A23D1B003529EC /* AppDelegate.swift */; };
		FA97D93122A23D1B003529EC /* Assets.xcassets in Resources */ = {isa = PBXBuildFile; fileRef = FA97D93022A23D1B003529EC /* Assets.xcassets */; };
		FA97D93422A23D1B003529EC /* LaunchScreen.storyboard in Resources */ = {isa = PBXBuildFile; fileRef = FA97D93222A23D1B003529EC /* LaunchScreen.storyboard */; };
		FA97D93F22A23D1C003529EC /* Pure_DividendsTests.swift in Sources */ = {isa = PBXBuildFile; fileRef = FA97D93E22A23D1C003529EC /* Pure_DividendsTests.swift */; };
		FA97D94A22A23D1C003529EC /* Pure_DividendsUITests.swift in Sources */ = {isa = PBXBuildFile; fileRef = FA97D94922A23D1C003529EC /* Pure_DividendsUITests.swift */; };
		FAC55ECF22E40470001AF0ED /* StocksStorage.swift in Sources */ = {isa = PBXBuildFile; fileRef = FAC55ECE22E40470001AF0ED /* StocksStorage.swift */; };
		FAF4893B230794730066E9E6 /* CompoundCalculatorTests.swift in Sources */ = {isa = PBXBuildFile; fileRef = FAF4893A230794730066E9E6 /* CompoundCalculatorTests.swift */; };
		FAFB495522A9B0AC006FE490 /* CompundInterstCalculatorTests.swift in Sources */ = {isa = PBXBuildFile; fileRef = FAFB495422A9B0AC006FE490 /* CompundInterstCalculatorTests.swift */; };
		FAFB495722A9B31E006FE490 /* CompundInterstCalculator.swift in Sources */ = {isa = PBXBuildFile; fileRef = FAFB495622A9B31E006FE490 /* CompundInterstCalculator.swift */; };
/* End PBXBuildFile section */

/* Begin PBXContainerItemProxy section */
		FA6522EC22CE84C3001BEEFD /* PBXContainerItemProxy */ = {
			isa = PBXContainerItemProxy;
			containerPortal = FA97D91E22A23D1B003529EC /* Project object */;
			proxyType = 1;
			remoteGlobalIDString = FA6522E122CE84C3001BEEFD;
			remoteInfo = PDPersistence;
		};
		FA6522EE22CE84C3001BEEFD /* PBXContainerItemProxy */ = {
			isa = PBXContainerItemProxy;
			containerPortal = FA97D91E22A23D1B003529EC /* Project object */;
			proxyType = 1;
			remoteGlobalIDString = FA97D92522A23D1B003529EC;
			remoteInfo = "Pure Dividends";
		};
		FA6522F522CE84C3001BEEFD /* PBXContainerItemProxy */ = {
			isa = PBXContainerItemProxy;
			containerPortal = FA97D91E22A23D1B003529EC /* Project object */;
			proxyType = 1;
			remoteGlobalIDString = FA6522E122CE84C3001BEEFD;
			remoteInfo = PDPersistence;
		};
		FA66620022C9607400E65AC7 /* PBXContainerItemProxy */ = {
			isa = PBXContainerItemProxy;
			containerPortal = FA97D91E22A23D1B003529EC /* Project object */;
			proxyType = 1;
			remoteGlobalIDString = FA6661F522C9607400E65AC7;
			remoteInfo = PDNetworking;
		};
		FA66620222C9607400E65AC7 /* PBXContainerItemProxy */ = {
			isa = PBXContainerItemProxy;
			containerPortal = FA97D91E22A23D1B003529EC /* Project object */;
			proxyType = 1;
			remoteGlobalIDString = FA97D92522A23D1B003529EC;
			remoteInfo = "Pure Dividends";
		};
		FA66620922C9607400E65AC7 /* PBXContainerItemProxy */ = {
			isa = PBXContainerItemProxy;
			containerPortal = FA97D91E22A23D1B003529EC /* Project object */;
			proxyType = 1;
			remoteGlobalIDString = FA6661F522C9607400E65AC7;
			remoteInfo = PDNetworking;
		};
		FA97D93B22A23D1C003529EC /* PBXContainerItemProxy */ = {
			isa = PBXContainerItemProxy;
			containerPortal = FA97D91E22A23D1B003529EC /* Project object */;
			proxyType = 1;
			remoteGlobalIDString = FA97D92522A23D1B003529EC;
			remoteInfo = "Pure Dividends";
		};
		FA97D94622A23D1C003529EC /* PBXContainerItemProxy */ = {
			isa = PBXContainerItemProxy;
			containerPortal = FA97D91E22A23D1B003529EC /* Project object */;
			proxyType = 1;
			remoteGlobalIDString = FA97D92522A23D1B003529EC;
			remoteInfo = "Pure Dividends";
		};
/* End PBXContainerItemProxy section */

/* Begin PBXCopyFilesBuildPhase section */
		FA66621022C9607400E65AC7 /* Embed Frameworks */ = {
			isa = PBXCopyFilesBuildPhase;
			buildActionMask = 2147483647;
			dstPath = "";
			dstSubfolderSpec = 10;
			files = (
				FA6522F822CE84C3001BEEFD /* PDPersistence.framework in Embed Frameworks */,
				FA66620C22C9607400E65AC7 /* PDNetworking.framework in Embed Frameworks */,
			);
			name = "Embed Frameworks";
			runOnlyForDeploymentPostprocessing = 0;
		};
/* End PBXCopyFilesBuildPhase section */

/* Begin PBXFileReference section */
		06BE5E5FE94B9401BF969F32 /* Pods-Pure DividendsUITests.debug.xcconfig */ = {isa = PBXFileReference; includeInIndex = 1; lastKnownFileType = text.xcconfig; name = "Pods-Pure DividendsUITests.debug.xcconfig"; path = "Target Support Files/Pods-Pure DividendsUITests/Pods-Pure DividendsUITests.debug.xcconfig"; sourceTree = "<group>"; };
		116FAB4BF6E7473C014D3694 /* Pods-Pure DividendsTests.release.xcconfig */ = {isa = PBXFileReference; includeInIndex = 1; lastKnownFileType = text.xcconfig; name = "Pods-Pure DividendsTests.release.xcconfig"; path = "Target Support Files/Pods-Pure DividendsTests/Pods-Pure DividendsTests.release.xcconfig"; sourceTree = "<group>"; };
		1B6F4ACD491F60FDCB0D38D5 /* Pods-Pure Dividends-PDPersistence.release.xcconfig */ = {isa = PBXFileReference; includeInIndex = 1; lastKnownFileType = text.xcconfig; name = "Pods-Pure Dividends-PDPersistence.release.xcconfig"; path = "Target Support Files/Pods-Pure Dividends-PDPersistence/Pods-Pure Dividends-PDPersistence.release.xcconfig"; sourceTree = "<group>"; };
		20E82D0489A34BB993F20FE7 /* Pods_Pure_Dividends_PDNetworking_PDNetworkingTests.framework */ = {isa = PBXFileReference; explicitFileType = wrapper.framework; includeInIndex = 0; path = Pods_Pure_Dividends_PDNetworking_PDNetworkingTests.framework; sourceTree = BUILT_PRODUCTS_DIR; };
		22D325A2AA2A4BF58765827C /* Pods-Pure Dividends-PDNetworking.debug.xcconfig */ = {isa = PBXFileReference; includeInIndex = 1; lastKnownFileType = text.xcconfig; name = "Pods-Pure Dividends-PDNetworking.debug.xcconfig"; path = "Target Support Files/Pods-Pure Dividends-PDNetworking/Pods-Pure Dividends-PDNetworking.debug.xcconfig"; sourceTree = "<group>"; };
		2B1CC0D833B33EA3122FD183 /* Pods-Pure Dividends-PDPersistence.debug.xcconfig */ = {isa = PBXFileReference; includeInIndex = 1; lastKnownFileType = text.xcconfig; name = "Pods-Pure Dividends-PDPersistence.debug.xcconfig"; path = "Target Support Files/Pods-Pure Dividends-PDPersistence/Pods-Pure Dividends-PDPersistence.debug.xcconfig"; sourceTree = "<group>"; };
		30281D8EDEF83F2D5DA01730 /* Pods_Pure_Dividends_PDPersistence.framework */ = {isa = PBXFileReference; explicitFileType = wrapper.framework; includeInIndex = 0; path = Pods_Pure_Dividends_PDPersistence.framework; sourceTree = BUILT_PRODUCTS_DIR; };
		363A2A674F31488F4E8F8C81 /* Pods_Pure_Dividends_PDNetworking.framework */ = {isa = PBXFileReference; explicitFileType = wrapper.framework; includeInIndex = 0; path = Pods_Pure_Dividends_PDNetworking.framework; sourceTree = BUILT_PRODUCTS_DIR; };
		43A8DD2DFE0716AEB7596B29 /* Pods_Pure_DividendsTests.framework */ = {isa = PBXFileReference; explicitFileType = wrapper.framework; includeInIndex = 0; path = Pods_Pure_DividendsTests.framework; sourceTree = BUILT_PRODUCTS_DIR; };
		4FA9DCBA9EEFFF8AEE1CCD63 /* Pods-Pure Dividends-PDNetworking-PDNetworkingTests.release.xcconfig */ = {isa = PBXFileReference; includeInIndex = 1; lastKnownFileType = text.xcconfig; name = "Pods-Pure Dividends-PDNetworking-PDNetworkingTests.release.xcconfig"; path = "Target Support Files/Pods-Pure Dividends-PDNetworking-PDNetworkingTests/Pods-Pure Dividends-PDNetworking-PDNetworkingTests.release.xcconfig"; sourceTree = "<group>"; };
		6D4A1BBC883C014C99304E73 /* Pods-Pure Dividends-PDNetworking.release.xcconfig */ = {isa = PBXFileReference; includeInIndex = 1; lastKnownFileType = text.xcconfig; name = "Pods-Pure Dividends-PDNetworking.release.xcconfig"; path = "Target Support Files/Pods-Pure Dividends-PDNetworking/Pods-Pure Dividends-PDNetworking.release.xcconfig"; sourceTree = "<group>"; };
		72186F2B2C5311AD6BB13230 /* Pods_Pure_DividendsUITests.framework */ = {isa = PBXFileReference; explicitFileType = wrapper.framework; includeInIndex = 0; path = Pods_Pure_DividendsUITests.framework; sourceTree = BUILT_PRODUCTS_DIR; };
		822460F7C2078C912C59353E /* Pods-Pure Dividends.debug.xcconfig */ = {isa = PBXFileReference; includeInIndex = 1; lastKnownFileType = text.xcconfig; name = "Pods-Pure Dividends.debug.xcconfig"; path = "Target Support Files/Pods-Pure Dividends/Pods-Pure Dividends.debug.xcconfig"; sourceTree = "<group>"; };
		A3AF0AF377115B094567B429 /* Pods-Pure Dividends.release.xcconfig */ = {isa = PBXFileReference; includeInIndex = 1; lastKnownFileType = text.xcconfig; name = "Pods-Pure Dividends.release.xcconfig"; path = "Target Support Files/Pods-Pure Dividends/Pods-Pure Dividends.release.xcconfig"; sourceTree = "<group>"; };
		A6FA8C794C2A9AAC882B8D6E /* Pods-Pure DividendsUITests.release.xcconfig */ = {isa = PBXFileReference; includeInIndex = 1; lastKnownFileType = text.xcconfig; name = "Pods-Pure DividendsUITests.release.xcconfig"; path = "Target Support Files/Pods-Pure DividendsUITests/Pods-Pure DividendsUITests.release.xcconfig"; sourceTree = "<group>"; };
		A88CE952846C09351624B3BC /* Pods-Pure Dividends-PDNetworking-PDNetworkingTests.debug.xcconfig */ = {isa = PBXFileReference; includeInIndex = 1; lastKnownFileType = text.xcconfig; name = "Pods-Pure Dividends-PDNetworking-PDNetworkingTests.debug.xcconfig"; path = "Target Support Files/Pods-Pure Dividends-PDNetworking-PDNetworkingTests/Pods-Pure Dividends-PDNetworking-PDNetworkingTests.debug.xcconfig"; sourceTree = "<group>"; };
		B4AA8B21833CCA1F13569B00 /* Pods_Pure_Dividends_PDPersistence_PDPersistenceTests.framework */ = {isa = PBXFileReference; explicitFileType = wrapper.framework; includeInIndex = 0; path = Pods_Pure_Dividends_PDPersistence_PDPersistenceTests.framework; sourceTree = BUILT_PRODUCTS_DIR; };
		E2C62E16E298C3603CCC0EED /* Pods_Pure_Dividends.framework */ = {isa = PBXFileReference; explicitFileType = wrapper.framework; includeInIndex = 0; path = Pods_Pure_Dividends.framework; sourceTree = BUILT_PRODUCTS_DIR; };
		F56F61D3E8542FAAB3417606 /* Pods-Pure Dividends-PDPersistence-PDPersistenceTests.release.xcconfig */ = {isa = PBXFileReference; includeInIndex = 1; lastKnownFileType = text.xcconfig; name = "Pods-Pure Dividends-PDPersistence-PDPersistenceTests.release.xcconfig"; path = "Target Support Files/Pods-Pure Dividends-PDPersistence-PDPersistenceTests/Pods-Pure Dividends-PDPersistence-PDPersistenceTests.release.xcconfig"; sourceTree = "<group>"; };
		FA0461032308B5EF00907E6F /* TickerSearchResultItem.swift */ = {isa = PBXFileReference; lastKnownFileType = sourcecode.swift; path = TickerSearchResultItem.swift; sourceTree = "<group>"; };
		FA5845BF23023A220078C2AD /* AddStockRouter.swift */ = {isa = PBXFileReference; lastKnownFileType = sourcecode.swift; path = AddStockRouter.swift; sourceTree = "<group>"; };
		FA5845C023023A220078C2AD /* AddStockViewController.swift */ = {isa = PBXFileReference; lastKnownFileType = sourcecode.swift; path = AddStockViewController.swift; sourceTree = "<group>"; };
		FA5845C123023A220078C2AD /* AddStockBuilder.swift */ = {isa = PBXFileReference; lastKnownFileType = sourcecode.swift; path = AddStockBuilder.swift; sourceTree = "<group>"; };
		FA5845C223023A220078C2AD /* AddStockInteractor.swift */ = {isa = PBXFileReference; lastKnownFileType = sourcecode.swift; path = AddStockInteractor.swift; sourceTree = "<group>"; };
		FA6522E222CE84C3001BEEFD /* PDPersistence.framework */ = {isa = PBXFileReference; explicitFileType = wrapper.framework; includeInIndex = 0; path = PDPersistence.framework; sourceTree = BUILT_PRODUCTS_DIR; };
		FA6522E422CE84C3001BEEFD /* PDPersistence.h */ = {isa = PBXFileReference; lastKnownFileType = sourcecode.c.h; path = PDPersistence.h; sourceTree = "<group>"; };
		FA6522E522CE84C3001BEEFD /* Info.plist */ = {isa = PBXFileReference; lastKnownFileType = text.plist.xml; path = Info.plist; sourceTree = "<group>"; };
		FA6522EA22CE84C3001BEEFD /* PDPersistenceTests.xctest */ = {isa = PBXFileReference; explicitFileType = wrapper.cfbundle; includeInIndex = 0; path = PDPersistenceTests.xctest; sourceTree = BUILT_PRODUCTS_DIR; };
		FA6522F122CE84C3001BEEFD /* KeyValueStoreTests.swift */ = {isa = PBXFileReference; lastKnownFileType = sourcecode.swift; path = KeyValueStoreTests.swift; sourceTree = "<group>"; };
		FA6522F322CE84C3001BEEFD /* Info.plist */ = {isa = PBXFileReference; lastKnownFileType = text.plist.xml; path = Info.plist; sourceTree = "<group>"; };
		FA6522FF22CE85AF001BEEFD /* KeyValueStore.swift */ = {isa = PBXFileReference; lastKnownFileType = sourcecode.swift; path = KeyValueStore.swift; sourceTree = "<group>"; };
		FA6661C822C83FF200E65AC7 /* SessionManager.swift */ = {isa = PBXFileReference; lastKnownFileType = sourcecode.swift; path = SessionManager.swift; sourceTree = "<group>"; };
		FA6661D022C8412900E65AC7 /* SessionManagerTests.swift */ = {isa = PBXFileReference; lastKnownFileType = sourcecode.swift; path = SessionManagerTests.swift; sourceTree = "<group>"; };
		FA6661D422C84A6500E65AC7 /* Session.swift */ = {isa = PBXFileReference; lastKnownFileType = sourcecode.swift; path = Session.swift; sourceTree = "<group>"; };
		FA6661DD22C8522F00E65AC7 /* PortfolioListRouter.swift */ = {isa = PBXFileReference; lastKnownFileType = sourcecode.swift; path = PortfolioListRouter.swift; sourceTree = "<group>"; };
		FA6661DE22C8522F00E65AC7 /* PortfolioListViewController.swift */ = {isa = PBXFileReference; lastKnownFileType = sourcecode.swift; path = PortfolioListViewController.swift; sourceTree = "<group>"; };
		FA6661DF22C8522F00E65AC7 /* PortfolioListBuilder.swift */ = {isa = PBXFileReference; lastKnownFileType = sourcecode.swift; path = PortfolioListBuilder.swift; sourceTree = "<group>"; };
		FA6661E022C8522F00E65AC7 /* PortfolioListInteractor.swift */ = {isa = PBXFileReference; lastKnownFileType = sourcecode.swift; path = PortfolioListInteractor.swift; sourceTree = "<group>"; };
		FA6661E722C8608100E65AC7 /* UITableViewCell+extensions.swift */ = {isa = PBXFileReference; lastKnownFileType = sourcecode.swift; path = "UITableViewCell+extensions.swift"; sourceTree = "<group>"; };
		FA6661E922C8632B00E65AC7 /* StockViewModel.swift */ = {isa = PBXFileReference; lastKnownFileType = sourcecode.swift; path = StockViewModel.swift; sourceTree = "<group>"; };
		FA6661EB22C8634B00E65AC7 /* StockCell.swift */ = {isa = PBXFileReference; lastKnownFileType = sourcecode.swift; path = StockCell.swift; sourceTree = "<group>"; };
		FA6661ED22C95F2B00E65AC7 /* IEXService.swift */ = {isa = PBXFileReference; lastKnownFileType = sourcecode.swift; path = IEXService.swift; sourceTree = "<group>"; };
		FA6661EF22C9600F00E65AC7 /* IEXServiceTests.swift */ = {isa = PBXFileReference; lastKnownFileType = sourcecode.swift; path = IEXServiceTests.swift; sourceTree = "<group>"; };
		FA6661F622C9607400E65AC7 /* PDNetworking.framework */ = {isa = PBXFileReference; explicitFileType = wrapper.framework; includeInIndex = 0; path = PDNetworking.framework; sourceTree = BUILT_PRODUCTS_DIR; };
		FA6661F822C9607400E65AC7 /* PDNetworking.h */ = {isa = PBXFileReference; lastKnownFileType = sourcecode.c.h; path = PDNetworking.h; sourceTree = "<group>"; };
		FA6661F922C9607400E65AC7 /* Info.plist */ = {isa = PBXFileReference; lastKnownFileType = text.plist.xml; path = Info.plist; sourceTree = "<group>"; };
		FA6661FE22C9607400E65AC7 /* PDNetworkingTests.xctest */ = {isa = PBXFileReference; explicitFileType = wrapper.cfbundle; includeInIndex = 0; path = PDNetworkingTests.xctest; sourceTree = BUILT_PRODUCTS_DIR; };
		FA66620522C9607400E65AC7 /* PDNetworkingTests.swift */ = {isa = PBXFileReference; lastKnownFileType = sourcecode.swift; path = PDNetworkingTests.swift; sourceTree = "<group>"; };
		FA66620722C9607400E65AC7 /* Info.plist */ = {isa = PBXFileReference; lastKnownFileType = text.plist.xml; path = Info.plist; sourceTree = "<group>"; };
		FA66621822C968D100E65AC7 /* StockModel.swift */ = {isa = PBXFileReference; lastKnownFileType = sourcecode.swift; path = StockModel.swift; sourceTree = "<group>"; };
		FA66621A22C96C7200E65AC7 /* IEXClient.swift */ = {isa = PBXFileReference; lastKnownFileType = sourcecode.swift; path = IEXClient.swift; sourceTree = "<group>"; };
		FA8F1BE422BDE4BB00B22AA8 /* AppComponent.swift */ = {isa = PBXFileReference; lastKnownFileType = sourcecode.swift; path = AppComponent.swift; sourceTree = "<group>"; };
		FA8F1BE722BDE4EE00B22AA8 /* RootRouter.swift */ = {isa = PBXFileReference; lastKnownFileType = sourcecode.swift; path = RootRouter.swift; sourceTree = "<group>"; };
		FA8F1BE822BDE4EE00B22AA8 /* RootViewController.swift */ = {isa = PBXFileReference; lastKnownFileType = sourcecode.swift; path = RootViewController.swift; sourceTree = "<group>"; };
		FA8F1BE922BDE4EE00B22AA8 /* RootBuilder.swift */ = {isa = PBXFileReference; lastKnownFileType = sourcecode.swift; path = RootBuilder.swift; sourceTree = "<group>"; };
		FA8F1BEA22BDE4EE00B22AA8 /* RootInteractor.swift */ = {isa = PBXFileReference; lastKnownFileType = sourcecode.swift; path = RootInteractor.swift; sourceTree = "<group>"; };
		FA90DF9B22ECBACD0062F38F /* BaseViewControllable.swift */ = {isa = PBXFileReference; lastKnownFileType = sourcecode.swift; path = BaseViewControllable.swift; sourceTree = "<group>"; };
		FA90DF9D22ECBF340062F38F /* NavigationViewControllable.swift */ = {isa = PBXFileReference; lastKnownFileType = sourcecode.swift; path = NavigationViewControllable.swift; sourceTree = "<group>"; };
		FA90DFA022ECC0B30062F38F /* StockDetailsRouter.swift */ = {isa = PBXFileReference; lastKnownFileType = sourcecode.swift; path = StockDetailsRouter.swift; sourceTree = "<group>"; };
		FA90DFA122ECC0B30062F38F /* StockDetailsViewController.swift */ = {isa = PBXFileReference; lastKnownFileType = sourcecode.swift; path = StockDetailsViewController.swift; sourceTree = "<group>"; };
		FA90DFA222ECC0B30062F38F /* StockDetailsBuilder.swift */ = {isa = PBXFileReference; lastKnownFileType = sourcecode.swift; path = StockDetailsBuilder.swift; sourceTree = "<group>"; };
		FA90DFA322ECC0B30062F38F /* StockDetailsInteractor.swift */ = {isa = PBXFileReference; lastKnownFileType = sourcecode.swift; path = StockDetailsInteractor.swift; sourceTree = "<group>"; };
		FA90DFA822ECFD630062F38F /* StockQuoteModel.swift */ = {isa = PBXFileReference; lastKnownFileType = sourcecode.swift; path = StockQuoteModel.swift; sourceTree = "<group>"; };
		FA97D92622A23D1B003529EC /* Pure Dividends.app */ = {isa = PBXFileReference; explicitFileType = wrapper.application; includeInIndex = 0; path = "Pure Dividends.app"; sourceTree = BUILT_PRODUCTS_DIR; };
		FA97D92922A23D1B003529EC /* AppDelegate.swift */ = {isa = PBXFileReference; lastKnownFileType = sourcecode.swift; path = AppDelegate.swift; sourceTree = "<group>"; };
		FA97D93022A23D1B003529EC /* Assets.xcassets */ = {isa = PBXFileReference; lastKnownFileType = folder.assetcatalog; path = Assets.xcassets; sourceTree = "<group>"; };
		FA97D93322A23D1B003529EC /* Base */ = {isa = PBXFileReference; lastKnownFileType = file.storyboard; name = Base; path = Base.lproj/LaunchScreen.storyboard; sourceTree = "<group>"; };
		FA97D93522A23D1B003529EC /* Info.plist */ = {isa = PBXFileReference; lastKnownFileType = text.plist.xml; path = Info.plist; sourceTree = "<group>"; };
		FA97D93A22A23D1C003529EC /* Pure DividendsTests.xctest */ = {isa = PBXFileReference; explicitFileType = wrapper.cfbundle; includeInIndex = 0; path = "Pure DividendsTests.xctest"; sourceTree = BUILT_PRODUCTS_DIR; };
		FA97D93E22A23D1C003529EC /* Pure_DividendsTests.swift */ = {isa = PBXFileReference; lastKnownFileType = sourcecode.swift; path = Pure_DividendsTests.swift; sourceTree = "<group>"; };
		FA97D94022A23D1C003529EC /* Info.plist */ = {isa = PBXFileReference; lastKnownFileType = text.plist.xml; path = Info.plist; sourceTree = "<group>"; };
		FA97D94522A23D1C003529EC /* Pure DividendsUITests.xctest */ = {isa = PBXFileReference; explicitFileType = wrapper.cfbundle; includeInIndex = 0; path = "Pure DividendsUITests.xctest"; sourceTree = BUILT_PRODUCTS_DIR; };
		FA97D94922A23D1C003529EC /* Pure_DividendsUITests.swift */ = {isa = PBXFileReference; lastKnownFileType = sourcecode.swift; path = Pure_DividendsUITests.swift; sourceTree = "<group>"; };
		FA97D94B22A23D1C003529EC /* Info.plist */ = {isa = PBXFileReference; lastKnownFileType = text.plist.xml; path = Info.plist; sourceTree = "<group>"; };
		FAC55ECE22E40470001AF0ED /* StocksStorage.swift */ = {isa = PBXFileReference; lastKnownFileType = sourcecode.swift; path = StocksStorage.swift; sourceTree = "<group>"; };
		FAF4893A230794730066E9E6 /* CompoundCalculatorTests.swift */ = {isa = PBXFileReference; lastKnownFileType = sourcecode.swift; path = CompoundCalculatorTests.swift; sourceTree = "<group>"; };
		FAFB495422A9B0AC006FE490 /* CompundInterstCalculatorTests.swift */ = {isa = PBXFileReference; lastKnownFileType = sourcecode.swift; path = CompundInterstCalculatorTests.swift; sourceTree = "<group>"; };
		FAFB495622A9B31E006FE490 /* CompundInterstCalculator.swift */ = {isa = PBXFileReference; lastKnownFileType = sourcecode.swift; path = CompundInterstCalculator.swift; sourceTree = "<group>"; };
		FCD7A7C0BFD4521E10D25BC5 /* Pods-Pure DividendsTests.debug.xcconfig */ = {isa = PBXFileReference; includeInIndex = 1; lastKnownFileType = text.xcconfig; name = "Pods-Pure DividendsTests.debug.xcconfig"; path = "Target Support Files/Pods-Pure DividendsTests/Pods-Pure DividendsTests.debug.xcconfig"; sourceTree = "<group>"; };
		FF326735EDE47FED5109CDF4 /* Pods-Pure Dividends-PDPersistence-PDPersistenceTests.debug.xcconfig */ = {isa = PBXFileReference; includeInIndex = 1; lastKnownFileType = text.xcconfig; name = "Pods-Pure Dividends-PDPersistence-PDPersistenceTests.debug.xcconfig"; path = "Target Support Files/Pods-Pure Dividends-PDPersistence-PDPersistenceTests/Pods-Pure Dividends-PDPersistence-PDPersistenceTests.debug.xcconfig"; sourceTree = "<group>"; };
/* End PBXFileReference section */

/* Begin PBXFrameworksBuildPhase section */
		FA6522DF22CE84C3001BEEFD /* Frameworks */ = {
			isa = PBXFrameworksBuildPhase;
			buildActionMask = 2147483647;
			files = (
				14243827F49BF8723E194C1F /* Pods_Pure_Dividends_PDPersistence.framework in Frameworks */,
			);
			runOnlyForDeploymentPostprocessing = 0;
		};
		FA6522E722CE84C3001BEEFD /* Frameworks */ = {
			isa = PBXFrameworksBuildPhase;
			buildActionMask = 2147483647;
			files = (
				FA6522EB22CE84C3001BEEFD /* PDPersistence.framework in Frameworks */,
				3D79721D1B3162E223C87B43 /* Pods_Pure_Dividends_PDPersistence_PDPersistenceTests.framework in Frameworks */,
			);
			runOnlyForDeploymentPostprocessing = 0;
		};
		FA6661F322C9607400E65AC7 /* Frameworks */ = {
			isa = PBXFrameworksBuildPhase;
			buildActionMask = 2147483647;
			files = (
				1C0F4E706CC8C783331586F1 /* Pods_Pure_Dividends_PDNetworking.framework in Frameworks */,
			);
			runOnlyForDeploymentPostprocessing = 0;
		};
		FA6661FB22C9607400E65AC7 /* Frameworks */ = {
			isa = PBXFrameworksBuildPhase;
			buildActionMask = 2147483647;
			files = (
				FA6661FF22C9607400E65AC7 /* PDNetworking.framework in Frameworks */,
				633BA5B5299372C7D1BCEB09 /* Pods_Pure_Dividends_PDNetworking_PDNetworkingTests.framework in Frameworks */,
			);
			runOnlyForDeploymentPostprocessing = 0;
		};
		FA97D92322A23D1B003529EC /* Frameworks */ = {
			isa = PBXFrameworksBuildPhase;
			buildActionMask = 2147483647;
			files = (
				FA6522F722CE84C3001BEEFD /* PDPersistence.framework in Frameworks */,
				FA66620B22C9607400E65AC7 /* PDNetworking.framework in Frameworks */,
				6305869D06691DEC8D0AFAE1 /* Pods_Pure_Dividends.framework in Frameworks */,
			);
			runOnlyForDeploymentPostprocessing = 0;
		};
		FA97D93722A23D1C003529EC /* Frameworks */ = {
			isa = PBXFrameworksBuildPhase;
			buildActionMask = 2147483647;
			files = (
				479107B3FB16519999635AA2 /* Pods_Pure_DividendsTests.framework in Frameworks */,
			);
			runOnlyForDeploymentPostprocessing = 0;
		};
		FA97D94222A23D1C003529EC /* Frameworks */ = {
			isa = PBXFrameworksBuildPhase;
			buildActionMask = 2147483647;
			files = (
				D6BA4CCE967F0A4FEC9E39AB /* Pods_Pure_DividendsUITests.framework in Frameworks */,
			);
			runOnlyForDeploymentPostprocessing = 0;
		};
/* End PBXFrameworksBuildPhase section */

/* Begin PBXGroup section */
		0D9BDEE4C23E4DD733DACC70 /* Pods */ = {
			isa = PBXGroup;
			children = (
				822460F7C2078C912C59353E /* Pods-Pure Dividends.debug.xcconfig */,
				A3AF0AF377115B094567B429 /* Pods-Pure Dividends.release.xcconfig */,
				FCD7A7C0BFD4521E10D25BC5 /* Pods-Pure DividendsTests.debug.xcconfig */,
				116FAB4BF6E7473C014D3694 /* Pods-Pure DividendsTests.release.xcconfig */,
				06BE5E5FE94B9401BF969F32 /* Pods-Pure DividendsUITests.debug.xcconfig */,
				A6FA8C794C2A9AAC882B8D6E /* Pods-Pure DividendsUITests.release.xcconfig */,
				22D325A2AA2A4BF58765827C /* Pods-Pure Dividends-PDNetworking.debug.xcconfig */,
				6D4A1BBC883C014C99304E73 /* Pods-Pure Dividends-PDNetworking.release.xcconfig */,
				A88CE952846C09351624B3BC /* Pods-Pure Dividends-PDNetworking-PDNetworkingTests.debug.xcconfig */,
				4FA9DCBA9EEFFF8AEE1CCD63 /* Pods-Pure Dividends-PDNetworking-PDNetworkingTests.release.xcconfig */,
				2B1CC0D833B33EA3122FD183 /* Pods-Pure Dividends-PDPersistence.debug.xcconfig */,
				1B6F4ACD491F60FDCB0D38D5 /* Pods-Pure Dividends-PDPersistence.release.xcconfig */,
				FF326735EDE47FED5109CDF4 /* Pods-Pure Dividends-PDPersistence-PDPersistenceTests.debug.xcconfig */,
				F56F61D3E8542FAAB3417606 /* Pods-Pure Dividends-PDPersistence-PDPersistenceTests.release.xcconfig */,
			);
			path = Pods;
			sourceTree = "<group>";
		};
		F4DA4B866466D4D8AD5DF262 /* Frameworks */ = {
			isa = PBXGroup;
			children = (
				E2C62E16E298C3603CCC0EED /* Pods_Pure_Dividends.framework */,
				43A8DD2DFE0716AEB7596B29 /* Pods_Pure_DividendsTests.framework */,
				72186F2B2C5311AD6BB13230 /* Pods_Pure_DividendsUITests.framework */,
				363A2A674F31488F4E8F8C81 /* Pods_Pure_Dividends_PDNetworking.framework */,
				20E82D0489A34BB993F20FE7 /* Pods_Pure_Dividends_PDNetworking_PDNetworkingTests.framework */,
				30281D8EDEF83F2D5DA01730 /* Pods_Pure_Dividends_PDPersistence.framework */,
				B4AA8B21833CCA1F13569B00 /* Pods_Pure_Dividends_PDPersistence_PDPersistenceTests.framework */,
			);
			name = Frameworks;
			sourceTree = "<group>";
		};
		FA5845BE23023A0F0078C2AD /* AddStock */ = {
			isa = PBXGroup;
			children = (
				FA5845BF23023A220078C2AD /* AddStockRouter.swift */,
				FA5845C023023A220078C2AD /* AddStockViewController.swift */,
				FA5845C123023A220078C2AD /* AddStockBuilder.swift */,
				FA5845C223023A220078C2AD /* AddStockInteractor.swift */,
			);
			path = AddStock;
			sourceTree = "<group>";
		};
		FA6522E322CE84C3001BEEFD /* PDPersistence */ = {
			isa = PBXGroup;
			children = (
				FA6522E422CE84C3001BEEFD /* PDPersistence.h */,
				FA6522E522CE84C3001BEEFD /* Info.plist */,
				FA6522FF22CE85AF001BEEFD /* KeyValueStore.swift */,
			);
			path = PDPersistence;
			sourceTree = "<group>";
		};
		FA6522F022CE84C3001BEEFD /* PDPersistenceTests */ = {
			isa = PBXGroup;
			children = (
				FA6522F122CE84C3001BEEFD /* KeyValueStoreTests.swift */,
				FA6522F322CE84C3001BEEFD /* Info.plist */,
			);
			path = PDPersistenceTests;
			sourceTree = "<group>";
		};
		FA6661C722C83FE200E65AC7 /* Managers */ = {
			isa = PBXGroup;
			children = (
				FA6661C822C83FF200E65AC7 /* SessionManager.swift */,
			);
			path = Managers;
			sourceTree = "<group>";
		};
		FA6661CA22C8400E00E65AC7 /* Services */ = {
			isa = PBXGroup;
			children = (
				FA6661ED22C95F2B00E65AC7 /* IEXService.swift */,
				FAFB495622A9B31E006FE490 /* CompundInterstCalculator.swift */,
			);
			path = Services;
			sourceTree = "<group>";
		};
		FA6661CB22C8401500E65AC7 /* Views */ = {
			isa = PBXGroup;
			children = (
				FA90DF9B22ECBACD0062F38F /* BaseViewControllable.swift */,
				FA6661E722C8608100E65AC7 /* UITableViewCell+extensions.swift */,
				FA6661E922C8632B00E65AC7 /* StockViewModel.swift */,
				FA6661EB22C8634B00E65AC7 /* StockCell.swift */,
				FA90DF9D22ECBF340062F38F /* NavigationViewControllable.swift */,
			);
			path = Views;
			sourceTree = "<group>";
		};
		FA6661CC22C8401A00E65AC7 /* Models */ = {
			isa = PBXGroup;
			children = (
				FA66621822C968D100E65AC7 /* StockModel.swift */,
				FA6661D422C84A6500E65AC7 /* Session.swift */,
				FA90DFA822ECFD630062F38F /* StockQuoteModel.swift */,
				FA0461032308B5EF00907E6F /* TickerSearchResultItem.swift */,
			);
			path = Models;
			sourceTree = "<group>";
		};
		FA6661CE22C8404C00E65AC7 /* Services */ = {
			isa = PBXGroup;
			children = (
				FA6661EF22C9600F00E65AC7 /* IEXServiceTests.swift */,
				FAFB495422A9B0AC006FE490 /* CompundInterstCalculatorTests.swift */,
			);
			path = Services;
			sourceTree = "<group>";
		};
		FA6661CF22C8410E00E65AC7 /* Managers */ = {
			isa = PBXGroup;
			children = (
				FA6661D022C8412900E65AC7 /* SessionManagerTests.swift */,
			);
			path = Managers;
			sourceTree = "<group>";
		};
		FA6661DC22C850D600E65AC7 /* PortfolioList */ = {
			isa = PBXGroup;
			children = (
				FA6661DD22C8522F00E65AC7 /* PortfolioListRouter.swift */,
				FA6661DE22C8522F00E65AC7 /* PortfolioListViewController.swift */,
				FA6661DF22C8522F00E65AC7 /* PortfolioListBuilder.swift */,
				FA6661E022C8522F00E65AC7 /* PortfolioListInteractor.swift */,
			);
			path = PortfolioList;
			sourceTree = "<group>";
		};
		FA6661F722C9607400E65AC7 /* PDNetworking */ = {
			isa = PBXGroup;
			children = (
				FA6661F822C9607400E65AC7 /* PDNetworking.h */,
				FA6661F922C9607400E65AC7 /* Info.plist */,
				FA66621A22C96C7200E65AC7 /* IEXClient.swift */,
			);
			path = PDNetworking;
			sourceTree = "<group>";
		};
		FA66620422C9607400E65AC7 /* PDNetworkingTests */ = {
			isa = PBXGroup;
			children = (
				FA66620522C9607400E65AC7 /* PDNetworkingTests.swift */,
				FA66620722C9607400E65AC7 /* Info.plist */,
			);
			path = PDNetworkingTests;
			sourceTree = "<group>";
		};
		FA8F1BE322BDE44F00B22AA8 /* AppStart */ = {
			isa = PBXGroup;
			children = (
				FA97D92922A23D1B003529EC /* AppDelegate.swift */,
				FA8F1BE422BDE4BB00B22AA8 /* AppComponent.swift */,
			);
			path = AppStart;
			sourceTree = "<group>";
		};
		FA8F1BE622BDE4D800B22AA8 /* Root */ = {
			isa = PBXGroup;
			children = (
				FA8F1BE722BDE4EE00B22AA8 /* RootRouter.swift */,
				FA8F1BE822BDE4EE00B22AA8 /* RootViewController.swift */,
				FA8F1BE922BDE4EE00B22AA8 /* RootBuilder.swift */,
				FA8F1BEA22BDE4EE00B22AA8 /* RootInteractor.swift */,
			);
			path = Root;
			sourceTree = "<group>";
		};
		FA90DF9F22ECC0960062F38F /* StockDetails */ = {
			isa = PBXGroup;
			children = (
				FA90DFA022ECC0B30062F38F /* StockDetailsRouter.swift */,
				FA90DFA122ECC0B30062F38F /* StockDetailsViewController.swift */,
				FA90DFA222ECC0B30062F38F /* StockDetailsBuilder.swift */,
				FA90DFA322ECC0B30062F38F /* StockDetailsInteractor.swift */,
			);
			path = StockDetails;
			sourceTree = "<group>";
		};
		FA97D91D22A23D1B003529EC = {
			isa = PBXGroup;
			children = (
				FA97D92822A23D1B003529EC /* Pure Dividends */,
				FA97D93D22A23D1C003529EC /* Pure DividendsTests */,
				FA97D94822A23D1C003529EC /* Pure DividendsUITests */,
				FA6661F722C9607400E65AC7 /* PDNetworking */,
				FA66620422C9607400E65AC7 /* PDNetworkingTests */,
				FA6522E322CE84C3001BEEFD /* PDPersistence */,
				FA6522F022CE84C3001BEEFD /* PDPersistenceTests */,
				FA97D92722A23D1B003529EC /* Products */,
				0D9BDEE4C23E4DD733DACC70 /* Pods */,
				F4DA4B866466D4D8AD5DF262 /* Frameworks */,
			);
			sourceTree = "<group>";
		};
		FA97D92722A23D1B003529EC /* Products */ = {
			isa = PBXGroup;
			children = (
				FA97D92622A23D1B003529EC /* Pure Dividends.app */,
				FA97D93A22A23D1C003529EC /* Pure DividendsTests.xctest */,
				FA97D94522A23D1C003529EC /* Pure DividendsUITests.xctest */,
				FA6661F622C9607400E65AC7 /* PDNetworking.framework */,
				FA6661FE22C9607400E65AC7 /* PDNetworkingTests.xctest */,
				FA6522E222CE84C3001BEEFD /* PDPersistence.framework */,
				FA6522EA22CE84C3001BEEFD /* PDPersistenceTests.xctest */,
			);
			name = Products;
			sourceTree = "<group>";
		};
		FA97D92822A23D1B003529EC /* Pure Dividends */ = {
			isa = PBXGroup;
			children = (
				FA5845BE23023A0F0078C2AD /* AddStock */,
				FA90DF9F22ECC0960062F38F /* StockDetails */,
				FAC55ECD22E4045B001AF0ED /* Storages */,
				FA6661CC22C8401A00E65AC7 /* Models */,
				FA6661CB22C8401500E65AC7 /* Views */,
				FA6661CA22C8400E00E65AC7 /* Services */,
				FA6661C722C83FE200E65AC7 /* Managers */,
				FA8F1BE322BDE44F00B22AA8 /* AppStart */,
				FA8F1BE622BDE4D800B22AA8 /* Root */,
				FA6661DC22C850D600E65AC7 /* PortfolioList */,
				FA97D93022A23D1B003529EC /* Assets.xcassets */,
				FA97D93222A23D1B003529EC /* LaunchScreen.storyboard */,
				FA97D93522A23D1B003529EC /* Info.plist */,
			);
			path = "Pure Dividends";
			sourceTree = "<group>";
		};
		FA97D93D22A23D1C003529EC /* Pure DividendsTests */ = {
			isa = PBXGroup;
			children = (
				FA6661CF22C8410E00E65AC7 /* Managers */,
				FA6661CE22C8404C00E65AC7 /* Services */,
				FA97D93E22A23D1C003529EC /* Pure_DividendsTests.swift */,
				FA97D94022A23D1C003529EC /* Info.plist */,
				FAF4893A230794730066E9E6 /* CompoundCalculatorTests.swift */,
			);
			path = "Pure DividendsTests";
			sourceTree = "<group>";
		};
		FA97D94822A23D1C003529EC /* Pure DividendsUITests */ = {
			isa = PBXGroup;
			children = (
				FA97D94922A23D1C003529EC /* Pure_DividendsUITests.swift */,
				FA97D94B22A23D1C003529EC /* Info.plist */,
			);
			path = "Pure DividendsUITests";
			sourceTree = "<group>";
		};
		FAC55ECD22E4045B001AF0ED /* Storages */ = {
			isa = PBXGroup;
			children = (
				FAC55ECE22E40470001AF0ED /* StocksStorage.swift */,
			);
			path = Storages;
			sourceTree = "<group>";
		};
/* End PBXGroup section */

/* Begin PBXHeadersBuildPhase section */
		FA6522DD22CE84C3001BEEFD /* Headers */ = {
			isa = PBXHeadersBuildPhase;
			buildActionMask = 2147483647;
			files = (
				FA6522F422CE84C3001BEEFD /* PDPersistence.h in Headers */,
			);
			runOnlyForDeploymentPostprocessing = 0;
		};
		FA6661F122C9607400E65AC7 /* Headers */ = {
			isa = PBXHeadersBuildPhase;
			buildActionMask = 2147483647;
			files = (
				FA66620822C9607400E65AC7 /* PDNetworking.h in Headers */,
			);
			runOnlyForDeploymentPostprocessing = 0;
		};
/* End PBXHeadersBuildPhase section */

/* Begin PBXNativeTarget section */
		FA6522E122CE84C3001BEEFD /* PDPersistence */ = {
			isa = PBXNativeTarget;
			buildConfigurationList = FA6522FD22CE84C3001BEEFD /* Build configuration list for PBXNativeTarget "PDPersistence" */;
			buildPhases = (
				3CB6893A9C63A27EA2E7B240 /* [CP] Check Pods Manifest.lock */,
				FA6522DD22CE84C3001BEEFD /* Headers */,
				FA6522DE22CE84C3001BEEFD /* Sources */,
				FA6522DF22CE84C3001BEEFD /* Frameworks */,
				FA6522E022CE84C3001BEEFD /* Resources */,
			);
			buildRules = (
			);
			dependencies = (
			);
			name = PDPersistence;
			productName = PDPersistence;
			productReference = FA6522E222CE84C3001BEEFD /* PDPersistence.framework */;
			productType = "com.apple.product-type.framework";
		};
		FA6522E922CE84C3001BEEFD /* PDPersistenceTests */ = {
			isa = PBXNativeTarget;
			buildConfigurationList = FA6522FE22CE84C3001BEEFD /* Build configuration list for PBXNativeTarget "PDPersistenceTests" */;
			buildPhases = (
				2C732982404FC2F8DC4382EB /* [CP] Check Pods Manifest.lock */,
				FA6522E622CE84C3001BEEFD /* Sources */,
				FA6522E722CE84C3001BEEFD /* Frameworks */,
				FA6522E822CE84C3001BEEFD /* Resources */,
				E29086A73095D463A59C56C0 /* [CP] Embed Pods Frameworks */,
			);
			buildRules = (
			);
			dependencies = (
				FA6522ED22CE84C3001BEEFD /* PBXTargetDependency */,
				FA6522EF22CE84C3001BEEFD /* PBXTargetDependency */,
			);
			name = PDPersistenceTests;
			productName = PDPersistenceTests;
			productReference = FA6522EA22CE84C3001BEEFD /* PDPersistenceTests.xctest */;
			productType = "com.apple.product-type.bundle.unit-test";
		};
		FA6661F522C9607400E65AC7 /* PDNetworking */ = {
			isa = PBXNativeTarget;
			buildConfigurationList = FA66620D22C9607400E65AC7 /* Build configuration list for PBXNativeTarget "PDNetworking" */;
			buildPhases = (
				58FFDC54114C12FD66AD6921 /* [CP] Check Pods Manifest.lock */,
				FA6661F122C9607400E65AC7 /* Headers */,
				FA6661F222C9607400E65AC7 /* Sources */,
				FA6661F322C9607400E65AC7 /* Frameworks */,
				FA6661F422C9607400E65AC7 /* Resources */,
			);
			buildRules = (
			);
			dependencies = (
			);
			name = PDNetworking;
			productName = PDNetworking;
			productReference = FA6661F622C9607400E65AC7 /* PDNetworking.framework */;
			productType = "com.apple.product-type.framework";
		};
		FA6661FD22C9607400E65AC7 /* PDNetworkingTests */ = {
			isa = PBXNativeTarget;
			buildConfigurationList = FA66621122C9607400E65AC7 /* Build configuration list for PBXNativeTarget "PDNetworkingTests" */;
			buildPhases = (
				65F1CB804E7868D75020679C /* [CP] Check Pods Manifest.lock */,
				FA6661FA22C9607400E65AC7 /* Sources */,
				FA6661FB22C9607400E65AC7 /* Frameworks */,
				FA6661FC22C9607400E65AC7 /* Resources */,
				8091BFE254B36DF6E46BF35B /* [CP] Embed Pods Frameworks */,
			);
			buildRules = (
			);
			dependencies = (
				FA66620122C9607400E65AC7 /* PBXTargetDependency */,
				FA66620322C9607400E65AC7 /* PBXTargetDependency */,
			);
			name = PDNetworkingTests;
			productName = PDNetworkingTests;
			productReference = FA6661FE22C9607400E65AC7 /* PDNetworkingTests.xctest */;
			productType = "com.apple.product-type.bundle.unit-test";
		};
		FA97D92522A23D1B003529EC /* Pure Dividends */ = {
			isa = PBXNativeTarget;
			buildConfigurationList = FA97D94E22A23D1C003529EC /* Build configuration list for PBXNativeTarget "Pure Dividends" */;
			buildPhases = (
				A24F4240573DCC44A69157DE /* [CP] Check Pods Manifest.lock */,
				FA97D92222A23D1B003529EC /* Sources */,
				FA97D92322A23D1B003529EC /* Frameworks */,
				FA97D92422A23D1B003529EC /* Resources */,
				ABB1F0234184AA1624843CBE /* [CP] Embed Pods Frameworks */,
				FA66621022C9607400E65AC7 /* Embed Frameworks */,
			);
			buildRules = (
			);
			dependencies = (
				FA66620A22C9607400E65AC7 /* PBXTargetDependency */,
				FA6522F622CE84C3001BEEFD /* PBXTargetDependency */,
			);
			name = "Pure Dividends";
			productName = "Pure Dividends";
			productReference = FA97D92622A23D1B003529EC /* Pure Dividends.app */;
			productType = "com.apple.product-type.application";
		};
		FA97D93922A23D1C003529EC /* Pure DividendsTests */ = {
			isa = PBXNativeTarget;
			buildConfigurationList = FA97D95122A23D1C003529EC /* Build configuration list for PBXNativeTarget "Pure DividendsTests" */;
			buildPhases = (
				C2EF75E5EDD151AF4E7A0D04 /* [CP] Check Pods Manifest.lock */,
				FA97D93622A23D1C003529EC /* Sources */,
				FA97D93722A23D1C003529EC /* Frameworks */,
				FA97D93822A23D1C003529EC /* Resources */,
				E42C2C5D4CFA2B3CD0B4315D /* [CP] Embed Pods Frameworks */,
			);
			buildRules = (
			);
			dependencies = (
				FA97D93C22A23D1C003529EC /* PBXTargetDependency */,
			);
			name = "Pure DividendsTests";
			productName = "Pure DividendsTests";
			productReference = FA97D93A22A23D1C003529EC /* Pure DividendsTests.xctest */;
			productType = "com.apple.product-type.bundle.unit-test";
		};
		FA97D94422A23D1C003529EC /* Pure DividendsUITests */ = {
			isa = PBXNativeTarget;
			buildConfigurationList = FA97D95422A23D1C003529EC /* Build configuration list for PBXNativeTarget "Pure DividendsUITests" */;
			buildPhases = (
				60C56135EE6E54D9584C7F19 /* [CP] Check Pods Manifest.lock */,
				FA97D94122A23D1C003529EC /* Sources */,
				FA97D94222A23D1C003529EC /* Frameworks */,
				FA97D94322A23D1C003529EC /* Resources */,
			);
			buildRules = (
			);
			dependencies = (
				FA97D94722A23D1C003529EC /* PBXTargetDependency */,
			);
			name = "Pure DividendsUITests";
			productName = "Pure DividendsUITests";
			productReference = FA97D94522A23D1C003529EC /* Pure DividendsUITests.xctest */;
			productType = "com.apple.product-type.bundle.ui-testing";
		};
/* End PBXNativeTarget section */

/* Begin PBXProject section */
		FA97D91E22A23D1B003529EC /* Project object */ = {
			isa = PBXProject;
			attributes = {
				LastSwiftUpdateCheck = 1100;
				LastUpgradeCheck = 1020;
				ORGANIZATIONNAME = "The iOS Interview Guide";
				TargetAttributes = {
					FA6522E122CE84C3001BEEFD = {
						CreatedOnToolsVersion = 11.0;
						LastSwiftMigration = 1100;
					};
					FA6522E922CE84C3001BEEFD = {
						CreatedOnToolsVersion = 11.0;
					};
					FA6661F522C9607400E65AC7 = {
						CreatedOnToolsVersion = 11.0;
					};
					FA6661FD22C9607400E65AC7 = {
						CreatedOnToolsVersion = 11.0;
					};
					FA97D92522A23D1B003529EC = {
						CreatedOnToolsVersion = 10.2.1;
					};
					FA97D93922A23D1C003529EC = {
						CreatedOnToolsVersion = 10.2.1;
						TestTargetID = FA97D92522A23D1B003529EC;
					};
					FA97D94422A23D1C003529EC = {
						CreatedOnToolsVersion = 10.2.1;
						TestTargetID = FA97D92522A23D1B003529EC;
					};
				};
			};
			buildConfigurationList = FA97D92122A23D1B003529EC /* Build configuration list for PBXProject "Pure Dividends" */;
			compatibilityVersion = "Xcode 9.3";
			developmentRegion = en;
			hasScannedForEncodings = 0;
			knownRegions = (
				en,
				Base,
			);
			mainGroup = FA97D91D22A23D1B003529EC;
			productRefGroup = FA97D92722A23D1B003529EC /* Products */;
			projectDirPath = "";
			projectRoot = "";
			targets = (
				FA97D92522A23D1B003529EC /* Pure Dividends */,
				FA97D93922A23D1C003529EC /* Pure DividendsTests */,
				FA97D94422A23D1C003529EC /* Pure DividendsUITests */,
				FA6661F522C9607400E65AC7 /* PDNetworking */,
				FA6661FD22C9607400E65AC7 /* PDNetworkingTests */,
				FA6522E122CE84C3001BEEFD /* PDPersistence */,
				FA6522E922CE84C3001BEEFD /* PDPersistenceTests */,
			);
		};
/* End PBXProject section */

/* Begin PBXResourcesBuildPhase section */
		FA6522E022CE84C3001BEEFD /* Resources */ = {
			isa = PBXResourcesBuildPhase;
			buildActionMask = 2147483647;
			files = (
			);
			runOnlyForDeploymentPostprocessing = 0;
		};
		FA6522E822CE84C3001BEEFD /* Resources */ = {
			isa = PBXResourcesBuildPhase;
			buildActionMask = 2147483647;
			files = (
			);
			runOnlyForDeploymentPostprocessing = 0;
		};
		FA6661F422C9607400E65AC7 /* Resources */ = {
			isa = PBXResourcesBuildPhase;
			buildActionMask = 2147483647;
			files = (
			);
			runOnlyForDeploymentPostprocessing = 0;
		};
		FA6661FC22C9607400E65AC7 /* Resources */ = {
			isa = PBXResourcesBuildPhase;
			buildActionMask = 2147483647;
			files = (
			);
			runOnlyForDeploymentPostprocessing = 0;
		};
		FA97D92422A23D1B003529EC /* Resources */ = {
			isa = PBXResourcesBuildPhase;
			buildActionMask = 2147483647;
			files = (
				FA97D93422A23D1B003529EC /* LaunchScreen.storyboard in Resources */,
				FA97D93122A23D1B003529EC /* Assets.xcassets in Resources */,
			);
			runOnlyForDeploymentPostprocessing = 0;
		};
		FA97D93822A23D1C003529EC /* Resources */ = {
			isa = PBXResourcesBuildPhase;
			buildActionMask = 2147483647;
			files = (
			);
			runOnlyForDeploymentPostprocessing = 0;
		};
		FA97D94322A23D1C003529EC /* Resources */ = {
			isa = PBXResourcesBuildPhase;
			buildActionMask = 2147483647;
			files = (
			);
			runOnlyForDeploymentPostprocessing = 0;
		};
/* End PBXResourcesBuildPhase section */

/* Begin PBXShellScriptBuildPhase section */
		2C732982404FC2F8DC4382EB /* [CP] Check Pods Manifest.lock */ = {
			isa = PBXShellScriptBuildPhase;
			buildActionMask = 2147483647;
			files = (
			);
			inputFileListPaths = (
			);
			inputPaths = (
				"${PODS_PODFILE_DIR_PATH}/Podfile.lock",
				"${PODS_ROOT}/Manifest.lock",
			);
			name = "[CP] Check Pods Manifest.lock";
			outputFileListPaths = (
			);
			outputPaths = (
				"$(DERIVED_FILE_DIR)/Pods-Pure Dividends-PDPersistence-PDPersistenceTests-checkManifestLockResult.txt",
			);
			runOnlyForDeploymentPostprocessing = 0;
			shellPath = /bin/sh;
			shellScript = "diff \"${PODS_PODFILE_DIR_PATH}/Podfile.lock\" \"${PODS_ROOT}/Manifest.lock\" > /dev/null\nif [ $? != 0 ] ; then\n    # print error to STDERR\n    echo \"error: The sandbox is not in sync with the Podfile.lock. Run 'pod install' or update your CocoaPods installation.\" >&2\n    exit 1\nfi\n# This output is used by Xcode 'outputs' to avoid re-running this script phase.\necho \"SUCCESS\" > \"${SCRIPT_OUTPUT_FILE_0}\"\n";
			showEnvVarsInLog = 0;
		};
		3CB6893A9C63A27EA2E7B240 /* [CP] Check Pods Manifest.lock */ = {
			isa = PBXShellScriptBuildPhase;
			buildActionMask = 2147483647;
			files = (
			);
			inputFileListPaths = (
			);
			inputPaths = (
				"${PODS_PODFILE_DIR_PATH}/Podfile.lock",
				"${PODS_ROOT}/Manifest.lock",
			);
			name = "[CP] Check Pods Manifest.lock";
			outputFileListPaths = (
			);
			outputPaths = (
				"$(DERIVED_FILE_DIR)/Pods-Pure Dividends-PDPersistence-checkManifestLockResult.txt",
			);
			runOnlyForDeploymentPostprocessing = 0;
			shellPath = /bin/sh;
			shellScript = "diff \"${PODS_PODFILE_DIR_PATH}/Podfile.lock\" \"${PODS_ROOT}/Manifest.lock\" > /dev/null\nif [ $? != 0 ] ; then\n    # print error to STDERR\n    echo \"error: The sandbox is not in sync with the Podfile.lock. Run 'pod install' or update your CocoaPods installation.\" >&2\n    exit 1\nfi\n# This output is used by Xcode 'outputs' to avoid re-running this script phase.\necho \"SUCCESS\" > \"${SCRIPT_OUTPUT_FILE_0}\"\n";
			showEnvVarsInLog = 0;
		};
		58FFDC54114C12FD66AD6921 /* [CP] Check Pods Manifest.lock */ = {
			isa = PBXShellScriptBuildPhase;
			buildActionMask = 2147483647;
			files = (
			);
			inputFileListPaths = (
			);
			inputPaths = (
				"${PODS_PODFILE_DIR_PATH}/Podfile.lock",
				"${PODS_ROOT}/Manifest.lock",
			);
			name = "[CP] Check Pods Manifest.lock";
			outputFileListPaths = (
			);
			outputPaths = (
				"$(DERIVED_FILE_DIR)/Pods-Pure Dividends-PDNetworking-checkManifestLockResult.txt",
			);
			runOnlyForDeploymentPostprocessing = 0;
			shellPath = /bin/sh;
			shellScript = "diff \"${PODS_PODFILE_DIR_PATH}/Podfile.lock\" \"${PODS_ROOT}/Manifest.lock\" > /dev/null\nif [ $? != 0 ] ; then\n    # print error to STDERR\n    echo \"error: The sandbox is not in sync with the Podfile.lock. Run 'pod install' or update your CocoaPods installation.\" >&2\n    exit 1\nfi\n# This output is used by Xcode 'outputs' to avoid re-running this script phase.\necho \"SUCCESS\" > \"${SCRIPT_OUTPUT_FILE_0}\"\n";
			showEnvVarsInLog = 0;
		};
		60C56135EE6E54D9584C7F19 /* [CP] Check Pods Manifest.lock */ = {
			isa = PBXShellScriptBuildPhase;
			buildActionMask = 2147483647;
			files = (
			);
			inputFileListPaths = (
			);
			inputPaths = (
				"${PODS_PODFILE_DIR_PATH}/Podfile.lock",
				"${PODS_ROOT}/Manifest.lock",
			);
			name = "[CP] Check Pods Manifest.lock";
			outputFileListPaths = (
			);
			outputPaths = (
				"$(DERIVED_FILE_DIR)/Pods-Pure DividendsUITests-checkManifestLockResult.txt",
			);
			runOnlyForDeploymentPostprocessing = 0;
			shellPath = /bin/sh;
			shellScript = "diff \"${PODS_PODFILE_DIR_PATH}/Podfile.lock\" \"${PODS_ROOT}/Manifest.lock\" > /dev/null\nif [ $? != 0 ] ; then\n    # print error to STDERR\n    echo \"error: The sandbox is not in sync with the Podfile.lock. Run 'pod install' or update your CocoaPods installation.\" >&2\n    exit 1\nfi\n# This output is used by Xcode 'outputs' to avoid re-running this script phase.\necho \"SUCCESS\" > \"${SCRIPT_OUTPUT_FILE_0}\"\n";
			showEnvVarsInLog = 0;
		};
		65F1CB804E7868D75020679C /* [CP] Check Pods Manifest.lock */ = {
			isa = PBXShellScriptBuildPhase;
			buildActionMask = 2147483647;
			files = (
			);
			inputFileListPaths = (
			);
			inputPaths = (
				"${PODS_PODFILE_DIR_PATH}/Podfile.lock",
				"${PODS_ROOT}/Manifest.lock",
			);
			name = "[CP] Check Pods Manifest.lock";
			outputFileListPaths = (
			);
			outputPaths = (
				"$(DERIVED_FILE_DIR)/Pods-Pure Dividends-PDNetworking-PDNetworkingTests-checkManifestLockResult.txt",
			);
			runOnlyForDeploymentPostprocessing = 0;
			shellPath = /bin/sh;
			shellScript = "diff \"${PODS_PODFILE_DIR_PATH}/Podfile.lock\" \"${PODS_ROOT}/Manifest.lock\" > /dev/null\nif [ $? != 0 ] ; then\n    # print error to STDERR\n    echo \"error: The sandbox is not in sync with the Podfile.lock. Run 'pod install' or update your CocoaPods installation.\" >&2\n    exit 1\nfi\n# This output is used by Xcode 'outputs' to avoid re-running this script phase.\necho \"SUCCESS\" > \"${SCRIPT_OUTPUT_FILE_0}\"\n";
			showEnvVarsInLog = 0;
		};
		8091BFE254B36DF6E46BF35B /* [CP] Embed Pods Frameworks */ = {
			isa = PBXShellScriptBuildPhase;
			buildActionMask = 2147483647;
			files = (
			);
			inputFileListPaths = (
				"${PODS_ROOT}/Target Support Files/Pods-Pure Dividends-PDNetworking-PDNetworkingTests/Pods-Pure Dividends-PDNetworking-PDNetworkingTests-frameworks-${CONFIGURATION}-input-files.xcfilelist",
			);
			name = "[CP] Embed Pods Frameworks";
			outputFileListPaths = (
				"${PODS_ROOT}/Target Support Files/Pods-Pure Dividends-PDNetworking-PDNetworkingTests/Pods-Pure Dividends-PDNetworking-PDNetworkingTests-frameworks-${CONFIGURATION}-output-files.xcfilelist",
			);
			runOnlyForDeploymentPostprocessing = 0;
			shellPath = /bin/sh;
			shellScript = "\"${PODS_ROOT}/Target Support Files/Pods-Pure Dividends-PDNetworking-PDNetworkingTests/Pods-Pure Dividends-PDNetworking-PDNetworkingTests-frameworks.sh\"\n";
			showEnvVarsInLog = 0;
		};
		A24F4240573DCC44A69157DE /* [CP] Check Pods Manifest.lock */ = {
			isa = PBXShellScriptBuildPhase;
			buildActionMask = 2147483647;
			files = (
			);
			inputFileListPaths = (
			);
			inputPaths = (
				"${PODS_PODFILE_DIR_PATH}/Podfile.lock",
				"${PODS_ROOT}/Manifest.lock",
			);
			name = "[CP] Check Pods Manifest.lock";
			outputFileListPaths = (
			);
			outputPaths = (
				"$(DERIVED_FILE_DIR)/Pods-Pure Dividends-checkManifestLockResult.txt",
			);
			runOnlyForDeploymentPostprocessing = 0;
			shellPath = /bin/sh;
			shellScript = "diff \"${PODS_PODFILE_DIR_PATH}/Podfile.lock\" \"${PODS_ROOT}/Manifest.lock\" > /dev/null\nif [ $? != 0 ] ; then\n    # print error to STDERR\n    echo \"error: The sandbox is not in sync with the Podfile.lock. Run 'pod install' or update your CocoaPods installation.\" >&2\n    exit 1\nfi\n# This output is used by Xcode 'outputs' to avoid re-running this script phase.\necho \"SUCCESS\" > \"${SCRIPT_OUTPUT_FILE_0}\"\n";
			showEnvVarsInLog = 0;
		};
		ABB1F0234184AA1624843CBE /* [CP] Embed Pods Frameworks */ = {
			isa = PBXShellScriptBuildPhase;
			buildActionMask = 2147483647;
			files = (
			);
			inputFileListPaths = (
				"${PODS_ROOT}/Target Support Files/Pods-Pure Dividends/Pods-Pure Dividends-frameworks-${CONFIGURATION}-input-files.xcfilelist",
			);
			name = "[CP] Embed Pods Frameworks";
			outputFileListPaths = (
				"${PODS_ROOT}/Target Support Files/Pods-Pure Dividends/Pods-Pure Dividends-frameworks-${CONFIGURATION}-output-files.xcfilelist",
			);
			runOnlyForDeploymentPostprocessing = 0;
			shellPath = /bin/sh;
			shellScript = "\"${PODS_ROOT}/Target Support Files/Pods-Pure Dividends/Pods-Pure Dividends-frameworks.sh\"\n";
			showEnvVarsInLog = 0;
		};
		C2EF75E5EDD151AF4E7A0D04 /* [CP] Check Pods Manifest.lock */ = {
			isa = PBXShellScriptBuildPhase;
			buildActionMask = 2147483647;
			files = (
			);
			inputFileListPaths = (
			);
			inputPaths = (
				"${PODS_PODFILE_DIR_PATH}/Podfile.lock",
				"${PODS_ROOT}/Manifest.lock",
			);
			name = "[CP] Check Pods Manifest.lock";
			outputFileListPaths = (
			);
			outputPaths = (
				"$(DERIVED_FILE_DIR)/Pods-Pure DividendsTests-checkManifestLockResult.txt",
			);
			runOnlyForDeploymentPostprocessing = 0;
			shellPath = /bin/sh;
			shellScript = "diff \"${PODS_PODFILE_DIR_PATH}/Podfile.lock\" \"${PODS_ROOT}/Manifest.lock\" > /dev/null\nif [ $? != 0 ] ; then\n    # print error to STDERR\n    echo \"error: The sandbox is not in sync with the Podfile.lock. Run 'pod install' or update your CocoaPods installation.\" >&2\n    exit 1\nfi\n# This output is used by Xcode 'outputs' to avoid re-running this script phase.\necho \"SUCCESS\" > \"${SCRIPT_OUTPUT_FILE_0}\"\n";
			showEnvVarsInLog = 0;
		};
		E29086A73095D463A59C56C0 /* [CP] Embed Pods Frameworks */ = {
			isa = PBXShellScriptBuildPhase;
			buildActionMask = 2147483647;
			files = (
			);
			inputFileListPaths = (
				"${PODS_ROOT}/Target Support Files/Pods-Pure Dividends-PDPersistence-PDPersistenceTests/Pods-Pure Dividends-PDPersistence-PDPersistenceTests-frameworks-${CONFIGURATION}-input-files.xcfilelist",
			);
			name = "[CP] Embed Pods Frameworks";
			outputFileListPaths = (
				"${PODS_ROOT}/Target Support Files/Pods-Pure Dividends-PDPersistence-PDPersistenceTests/Pods-Pure Dividends-PDPersistence-PDPersistenceTests-frameworks-${CONFIGURATION}-output-files.xcfilelist",
			);
			runOnlyForDeploymentPostprocessing = 0;
			shellPath = /bin/sh;
			shellScript = "\"${PODS_ROOT}/Target Support Files/Pods-Pure Dividends-PDPersistence-PDPersistenceTests/Pods-Pure Dividends-PDPersistence-PDPersistenceTests-frameworks.sh\"\n";
			showEnvVarsInLog = 0;
		};
		E42C2C5D4CFA2B3CD0B4315D /* [CP] Embed Pods Frameworks */ = {
			isa = PBXShellScriptBuildPhase;
			buildActionMask = 2147483647;
			files = (
			);
			inputFileListPaths = (
				"${PODS_ROOT}/Target Support Files/Pods-Pure DividendsTests/Pods-Pure DividendsTests-frameworks-${CONFIGURATION}-input-files.xcfilelist",
			);
			name = "[CP] Embed Pods Frameworks";
			outputFileListPaths = (
				"${PODS_ROOT}/Target Support Files/Pods-Pure DividendsTests/Pods-Pure DividendsTests-frameworks-${CONFIGURATION}-output-files.xcfilelist",
			);
			runOnlyForDeploymentPostprocessing = 0;
			shellPath = /bin/sh;
			shellScript = "\"${PODS_ROOT}/Target Support Files/Pods-Pure DividendsTests/Pods-Pure DividendsTests-frameworks.sh\"\n";
			showEnvVarsInLog = 0;
		};
/* End PBXShellScriptBuildPhase section */

/* Begin PBXSourcesBuildPhase section */
		FA6522DE22CE84C3001BEEFD /* Sources */ = {
			isa = PBXSourcesBuildPhase;
			buildActionMask = 2147483647;
			files = (
				FA65230022CE85AF001BEEFD /* KeyValueStore.swift in Sources */,
			);
			runOnlyForDeploymentPostprocessing = 0;
		};
		FA6522E622CE84C3001BEEFD /* Sources */ = {
			isa = PBXSourcesBuildPhase;
			buildActionMask = 2147483647;
			files = (
				FA6522F222CE84C3001BEEFD /* KeyValueStoreTests.swift in Sources */,
			);
			runOnlyForDeploymentPostprocessing = 0;
		};
		FA6661F222C9607400E65AC7 /* Sources */ = {
			isa = PBXSourcesBuildPhase;
			buildActionMask = 2147483647;
			files = (
				FA66621B22C96C7200E65AC7 /* IEXClient.swift in Sources */,
			);
			runOnlyForDeploymentPostprocessing = 0;
		};
		FA6661FA22C9607400E65AC7 /* Sources */ = {
			isa = PBXSourcesBuildPhase;
			buildActionMask = 2147483647;
			files = (
				FA66620622C9607400E65AC7 /* PDNetworkingTests.swift in Sources */,
			);
			runOnlyForDeploymentPostprocessing = 0;
		};
		FA97D92222A23D1B003529EC /* Sources */ = {
			isa = PBXSourcesBuildPhase;
			buildActionMask = 2147483647;
			files = (
				FA90DFA722ECC0B30062F38F /* StockDetailsInteractor.swift in Sources */,
				FA90DFA422ECC0B30062F38F /* StockDetailsRouter.swift in Sources */,
				FA6661E822C8608100E65AC7 /* UITableViewCell+extensions.swift in Sources */,
				FA6661E222C8522F00E65AC7 /* PortfolioListViewController.swift in Sources */,
				FA8F1BE522BDE4BB00B22AA8 /* AppComponent.swift in Sources */,
				FAFB495722A9B31E006FE490 /* CompundInterstCalculator.swift in Sources */,
				FA5845C523023A220078C2AD /* AddStockBuilder.swift in Sources */,
				FA5845C323023A220078C2AD /* AddStockRouter.swift in Sources */,
				FA6661E322C8522F00E65AC7 /* PortfolioListBuilder.swift in Sources */,
				FA6661E122C8522F00E65AC7 /* PortfolioListRouter.swift in Sources */,
				FA8F1BEC22BDE4EE00B22AA8 /* RootViewController.swift in Sources */,
				FA90DFA622ECC0B30062F38F /* StockDetailsBuilder.swift in Sources */,
				FA6661EA22C8632B00E65AC7 /* StockViewModel.swift in Sources */,
				FA5845C623023A220078C2AD /* AddStockInteractor.swift in Sources */,
				FA0461042308B5EF00907E6F /* TickerSearchResultItem.swift in Sources */,
				FA6661E422C8522F00E65AC7 /* PortfolioListInteractor.swift in Sources */,
				FA90DFA922ECFD630062F38F /* StockQuoteModel.swift in Sources */,
				FAC55ECF22E40470001AF0ED /* StocksStorage.swift in Sources */,
				FA5845C423023A220078C2AD /* AddStockViewController.swift in Sources */,
				FA8F1BEB22BDE4EE00B22AA8 /* RootRouter.swift in Sources */,
				FA90DFA522ECC0B30062F38F /* StockDetailsViewController.swift in Sources */,
				FA6661C922C83FF200E65AC7 /* SessionManager.swift in Sources */,
				FA6661D522C84A6500E65AC7 /* Session.swift in Sources */,
				FA6661EC22C8634B00E65AC7 /* StockCell.swift in Sources */,
				FA66621D22C96F5F00E65AC7 /* IEXService.swift in Sources */,
				FA66621C22C96F5800E65AC7 /* StockModel.swift in Sources */,
				FA8F1BEE22BDE4EE00B22AA8 /* RootInteractor.swift in Sources */,
				FA90DF9C22ECBACD0062F38F /* BaseViewControllable.swift in Sources */,
				FA97D92A22A23D1B003529EC /* AppDelegate.swift in Sources */,
				FA8F1BED22BDE4EE00B22AA8 /* RootBuilder.swift in Sources */,
				FA90DF9E22ECBF340062F38F /* NavigationViewControllable.swift in Sources */,
			);
			runOnlyForDeploymentPostprocessing = 0;
		};
		FA97D93622A23D1C003529EC /* Sources */ = {
			isa = PBXSourcesBuildPhase;
			buildActionMask = 2147483647;
			files = (
				FA6661D122C8412900E65AC7 /* SessionManagerTests.swift in Sources */,
				FAFB495522A9B0AC006FE490 /* CompundInterstCalculatorTests.swift in Sources */,
				FA66621E22C96F7600E65AC7 /* IEXServiceTests.swift in Sources */,
				FA97D93F22A23D1C003529EC /* Pure_DividendsTests.swift in Sources */,
				FAF4893B230794730066E9E6 /* CompoundCalculatorTests.swift in Sources */,
			);
			runOnlyForDeploymentPostprocessing = 0;
		};
		FA97D94122A23D1C003529EC /* Sources */ = {
			isa = PBXSourcesBuildPhase;
			buildActionMask = 2147483647;
			files = (
				FA97D94A22A23D1C003529EC /* Pure_DividendsUITests.swift in Sources */,
			);
			runOnlyForDeploymentPostprocessing = 0;
		};
/* End PBXSourcesBuildPhase section */

/* Begin PBXTargetDependency section */
		FA6522ED22CE84C3001BEEFD /* PBXTargetDependency */ = {
			isa = PBXTargetDependency;
			target = FA6522E122CE84C3001BEEFD /* PDPersistence */;
			targetProxy = FA6522EC22CE84C3001BEEFD /* PBXContainerItemProxy */;
		};
		FA6522EF22CE84C3001BEEFD /* PBXTargetDependency */ = {
			isa = PBXTargetDependency;
			target = FA97D92522A23D1B003529EC /* Pure Dividends */;
			targetProxy = FA6522EE22CE84C3001BEEFD /* PBXContainerItemProxy */;
		};
		FA6522F622CE84C3001BEEFD /* PBXTargetDependency */ = {
			isa = PBXTargetDependency;
			target = FA6522E122CE84C3001BEEFD /* PDPersistence */;
			targetProxy = FA6522F522CE84C3001BEEFD /* PBXContainerItemProxy */;
		};
		FA66620122C9607400E65AC7 /* PBXTargetDependency */ = {
			isa = PBXTargetDependency;
			target = FA6661F522C9607400E65AC7 /* PDNetworking */;
			targetProxy = FA66620022C9607400E65AC7 /* PBXContainerItemProxy */;
		};
		FA66620322C9607400E65AC7 /* PBXTargetDependency */ = {
			isa = PBXTargetDependency;
			target = FA97D92522A23D1B003529EC /* Pure Dividends */;
			targetProxy = FA66620222C9607400E65AC7 /* PBXContainerItemProxy */;
		};
		FA66620A22C9607400E65AC7 /* PBXTargetDependency */ = {
			isa = PBXTargetDependency;
			target = FA6661F522C9607400E65AC7 /* PDNetworking */;
			targetProxy = FA66620922C9607400E65AC7 /* PBXContainerItemProxy */;
		};
		FA97D93C22A23D1C003529EC /* PBXTargetDependency */ = {
			isa = PBXTargetDependency;
			target = FA97D92522A23D1B003529EC /* Pure Dividends */;
			targetProxy = FA97D93B22A23D1C003529EC /* PBXContainerItemProxy */;
		};
		FA97D94722A23D1C003529EC /* PBXTargetDependency */ = {
			isa = PBXTargetDependency;
			target = FA97D92522A23D1B003529EC /* Pure Dividends */;
			targetProxy = FA97D94622A23D1C003529EC /* PBXContainerItemProxy */;
		};
/* End PBXTargetDependency section */

/* Begin PBXVariantGroup section */
		FA97D93222A23D1B003529EC /* LaunchScreen.storyboard */ = {
			isa = PBXVariantGroup;
			children = (
				FA97D93322A23D1B003529EC /* Base */,
			);
			name = LaunchScreen.storyboard;
			sourceTree = "<group>";
		};
/* End PBXVariantGroup section */

/* Begin XCBuildConfiguration section */
		FA6522F922CE84C3001BEEFD /* Debug */ = {
			isa = XCBuildConfiguration;
			baseConfigurationReference = 2B1CC0D833B33EA3122FD183 /* Pods-Pure Dividends-PDPersistence.debug.xcconfig */;
			buildSettings = {
				CLANG_ENABLE_MODULES = YES;
				CODE_SIGN_STYLE = Automatic;
				CURRENT_PROJECT_VERSION = 1;
				DEFINES_MODULE = YES;
				DEVELOPMENT_TEAM = SAT7295W5H;
				DYLIB_COMPATIBILITY_VERSION = 1;
				DYLIB_CURRENT_VERSION = 1;
				DYLIB_INSTALL_NAME_BASE = "@rpath";
				INFOPLIST_FILE = PDPersistence/Info.plist;
				INSTALL_PATH = "$(LOCAL_LIBRARY_DIR)/Frameworks";
				IPHONEOS_DEPLOYMENT_TARGET = 12.0;
				LD_RUNPATH_SEARCH_PATHS = (
					"$(inherited)",
					"@executable_path/Frameworks",
					"@loader_path/Frameworks",
				);
				PRODUCT_BUNDLE_IDENTIFIER = com.iosinterviewguide.PDPersistence;
				PRODUCT_NAME = "$(TARGET_NAME:c99extidentifier)";
				SKIP_INSTALL = YES;
				SWIFT_OPTIMIZATION_LEVEL = "-Onone";
				SWIFT_VERSION = 5.0;
				TARGETED_DEVICE_FAMILY = "1,2";
				VERSIONING_SYSTEM = "apple-generic";
				VERSION_INFO_PREFIX = "";
			};
			name = Debug;
		};
		FA6522FA22CE84C3001BEEFD /* Release */ = {
			isa = XCBuildConfiguration;
			baseConfigurationReference = 1B6F4ACD491F60FDCB0D38D5 /* Pods-Pure Dividends-PDPersistence.release.xcconfig */;
			buildSettings = {
				CLANG_ENABLE_MODULES = YES;
				CODE_SIGN_STYLE = Automatic;
				CURRENT_PROJECT_VERSION = 1;
				DEFINES_MODULE = YES;
				DEVELOPMENT_TEAM = SAT7295W5H;
				DYLIB_COMPATIBILITY_VERSION = 1;
				DYLIB_CURRENT_VERSION = 1;
				DYLIB_INSTALL_NAME_BASE = "@rpath";
				INFOPLIST_FILE = PDPersistence/Info.plist;
				INSTALL_PATH = "$(LOCAL_LIBRARY_DIR)/Frameworks";
				IPHONEOS_DEPLOYMENT_TARGET = 12.0;
				LD_RUNPATH_SEARCH_PATHS = (
					"$(inherited)",
					"@executable_path/Frameworks",
					"@loader_path/Frameworks",
				);
				PRODUCT_BUNDLE_IDENTIFIER = com.iosinterviewguide.PDPersistence;
				PRODUCT_NAME = "$(TARGET_NAME:c99extidentifier)";
				SKIP_INSTALL = YES;
				SWIFT_VERSION = 5.0;
				TARGETED_DEVICE_FAMILY = "1,2";
				VERSIONING_SYSTEM = "apple-generic";
				VERSION_INFO_PREFIX = "";
			};
			name = Release;
		};
		FA6522FB22CE84C3001BEEFD /* Debug */ = {
			isa = XCBuildConfiguration;
			baseConfigurationReference = FF326735EDE47FED5109CDF4 /* Pods-Pure Dividends-PDPersistence-PDPersistenceTests.debug.xcconfig */;
			buildSettings = {
				ALWAYS_EMBED_SWIFT_STANDARD_LIBRARIES = YES;
				CODE_SIGN_STYLE = Automatic;
				DEVELOPMENT_TEAM = SAT7295W5H;
				INFOPLIST_FILE = PDPersistenceTests/Info.plist;
				IPHONEOS_DEPLOYMENT_TARGET = 13.0;
				LD_RUNPATH_SEARCH_PATHS = (
					"$(inherited)",
					"@executable_path/Frameworks",
					"@loader_path/Frameworks",
				);
				PRODUCT_BUNDLE_IDENTIFIER = com.iosinterviewguide.PDPersistenceTests;
				PRODUCT_NAME = "$(TARGET_NAME)";
				SWIFT_VERSION = 5.0;
				TARGETED_DEVICE_FAMILY = "1,2";
			};
			name = Debug;
		};
		FA6522FC22CE84C3001BEEFD /* Release */ = {
			isa = XCBuildConfiguration;
			baseConfigurationReference = F56F61D3E8542FAAB3417606 /* Pods-Pure Dividends-PDPersistence-PDPersistenceTests.release.xcconfig */;
			buildSettings = {
				ALWAYS_EMBED_SWIFT_STANDARD_LIBRARIES = YES;
				CODE_SIGN_STYLE = Automatic;
				DEVELOPMENT_TEAM = SAT7295W5H;
				INFOPLIST_FILE = PDPersistenceTests/Info.plist;
				IPHONEOS_DEPLOYMENT_TARGET = 13.0;
				LD_RUNPATH_SEARCH_PATHS = (
					"$(inherited)",
					"@executable_path/Frameworks",
					"@loader_path/Frameworks",
				);
				PRODUCT_BUNDLE_IDENTIFIER = com.iosinterviewguide.PDPersistenceTests;
				PRODUCT_NAME = "$(TARGET_NAME)";
				SWIFT_VERSION = 5.0;
				TARGETED_DEVICE_FAMILY = "1,2";
			};
			name = Release;
		};
		FA66620E22C9607400E65AC7 /* Debug */ = {
			isa = XCBuildConfiguration;
			baseConfigurationReference = 22D325A2AA2A4BF58765827C /* Pods-Pure Dividends-PDNetworking.debug.xcconfig */;
			buildSettings = {
				CODE_SIGN_STYLE = Automatic;
				CURRENT_PROJECT_VERSION = 1;
				DEFINES_MODULE = YES;
				DEVELOPMENT_TEAM = SAT7295W5H;
				DYLIB_COMPATIBILITY_VERSION = 1;
				DYLIB_CURRENT_VERSION = 1;
				DYLIB_INSTALL_NAME_BASE = "@rpath";
				INFOPLIST_FILE = PDNetworking/Info.plist;
				INSTALL_PATH = "$(LOCAL_LIBRARY_DIR)/Frameworks";
				IPHONEOS_DEPLOYMENT_TARGET = 12.0;
				LD_RUNPATH_SEARCH_PATHS = (
					"$(inherited)",
					"@executable_path/Frameworks",
					"@loader_path/Frameworks",
				);
				PRODUCT_BUNDLE_IDENTIFIER = com.iosinterviewguide.PDNetworking;
				PRODUCT_NAME = "$(TARGET_NAME:c99extidentifier)";
				SKIP_INSTALL = YES;
				SWIFT_VERSION = 5.0;
				TARGETED_DEVICE_FAMILY = "1,2";
				VERSIONING_SYSTEM = "apple-generic";
				VERSION_INFO_PREFIX = "";
			};
			name = Debug;
		};
		FA66620F22C9607400E65AC7 /* Release */ = {
			isa = XCBuildConfiguration;
			baseConfigurationReference = 6D4A1BBC883C014C99304E73 /* Pods-Pure Dividends-PDNetworking.release.xcconfig */;
			buildSettings = {
				CODE_SIGN_STYLE = Automatic;
				CURRENT_PROJECT_VERSION = 1;
				DEFINES_MODULE = YES;
				DEVELOPMENT_TEAM = SAT7295W5H;
				DYLIB_COMPATIBILITY_VERSION = 1;
				DYLIB_CURRENT_VERSION = 1;
				DYLIB_INSTALL_NAME_BASE = "@rpath";
				INFOPLIST_FILE = PDNetworking/Info.plist;
				INSTALL_PATH = "$(LOCAL_LIBRARY_DIR)/Frameworks";
				IPHONEOS_DEPLOYMENT_TARGET = 12.0;
				LD_RUNPATH_SEARCH_PATHS = (
					"$(inherited)",
					"@executable_path/Frameworks",
					"@loader_path/Frameworks",
				);
				PRODUCT_BUNDLE_IDENTIFIER = com.iosinterviewguide.PDNetworking;
				PRODUCT_NAME = "$(TARGET_NAME:c99extidentifier)";
				SKIP_INSTALL = YES;
				SWIFT_VERSION = 5.0;
				TARGETED_DEVICE_FAMILY = "1,2";
				VERSIONING_SYSTEM = "apple-generic";
				VERSION_INFO_PREFIX = "";
			};
			name = Release;
		};
		FA66621222C9607400E65AC7 /* Debug */ = {
			isa = XCBuildConfiguration;
			baseConfigurationReference = A88CE952846C09351624B3BC /* Pods-Pure Dividends-PDNetworking-PDNetworkingTests.debug.xcconfig */;
			buildSettings = {
				ALWAYS_EMBED_SWIFT_STANDARD_LIBRARIES = YES;
				CODE_SIGN_STYLE = Automatic;
				DEVELOPMENT_TEAM = SAT7295W5H;
				INFOPLIST_FILE = PDNetworkingTests/Info.plist;
				IPHONEOS_DEPLOYMENT_TARGET = 13.0;
				LD_RUNPATH_SEARCH_PATHS = (
					"$(inherited)",
					"@executable_path/Frameworks",
					"@loader_path/Frameworks",
				);
				PRODUCT_BUNDLE_IDENTIFIER = com.iosinterviewguide.PDNetworkingTests;
				PRODUCT_NAME = "$(TARGET_NAME)";
				SWIFT_VERSION = 5.0;
				TARGETED_DEVICE_FAMILY = "1,2";
			};
			name = Debug;
		};
		FA66621322C9607400E65AC7 /* Release */ = {
			isa = XCBuildConfiguration;
			baseConfigurationReference = 4FA9DCBA9EEFFF8AEE1CCD63 /* Pods-Pure Dividends-PDNetworking-PDNetworkingTests.release.xcconfig */;
			buildSettings = {
				ALWAYS_EMBED_SWIFT_STANDARD_LIBRARIES = YES;
				CODE_SIGN_STYLE = Automatic;
				DEVELOPMENT_TEAM = SAT7295W5H;
				INFOPLIST_FILE = PDNetworkingTests/Info.plist;
				IPHONEOS_DEPLOYMENT_TARGET = 13.0;
				LD_RUNPATH_SEARCH_PATHS = (
					"$(inherited)",
					"@executable_path/Frameworks",
					"@loader_path/Frameworks",
				);
				PRODUCT_BUNDLE_IDENTIFIER = com.iosinterviewguide.PDNetworkingTests;
				PRODUCT_NAME = "$(TARGET_NAME)";
				SWIFT_VERSION = 5.0;
				TARGETED_DEVICE_FAMILY = "1,2";
			};
			name = Release;
		};
		FA97D94C22A23D1C003529EC /* Debug */ = {
			isa = XCBuildConfiguration;
			buildSettings = {
				ALWAYS_SEARCH_USER_PATHS = NO;
				CLANG_ANALYZER_NONNULL = YES;
				CLANG_ANALYZER_NUMBER_OBJECT_CONVERSION = YES_AGGRESSIVE;
				CLANG_CXX_LANGUAGE_STANDARD = "gnu++14";
				CLANG_CXX_LIBRARY = "libc++";
				CLANG_ENABLE_MODULES = YES;
				CLANG_ENABLE_OBJC_ARC = YES;
				CLANG_ENABLE_OBJC_WEAK = YES;
				CLANG_WARN_BLOCK_CAPTURE_AUTORELEASING = YES;
				CLANG_WARN_BOOL_CONVERSION = YES;
				CLANG_WARN_COMMA = YES;
				CLANG_WARN_CONSTANT_CONVERSION = YES;
				CLANG_WARN_DEPRECATED_OBJC_IMPLEMENTATIONS = YES;
				CLANG_WARN_DIRECT_OBJC_ISA_USAGE = YES_ERROR;
				CLANG_WARN_DOCUMENTATION_COMMENTS = YES;
				CLANG_WARN_EMPTY_BODY = YES;
				CLANG_WARN_ENUM_CONVERSION = YES;
				CLANG_WARN_INFINITE_RECURSION = YES;
				CLANG_WARN_INT_CONVERSION = YES;
				CLANG_WARN_NON_LITERAL_NULL_CONVERSION = YES;
				CLANG_WARN_OBJC_IMPLICIT_RETAIN_SELF = YES;
				CLANG_WARN_OBJC_LITERAL_CONVERSION = YES;
				CLANG_WARN_OBJC_ROOT_CLASS = YES_ERROR;
				CLANG_WARN_RANGE_LOOP_ANALYSIS = YES;
				CLANG_WARN_STRICT_PROTOTYPES = YES;
				CLANG_WARN_SUSPICIOUS_MOVE = YES;
				CLANG_WARN_UNGUARDED_AVAILABILITY = YES_AGGRESSIVE;
				CLANG_WARN_UNREACHABLE_CODE = YES;
				CLANG_WARN__DUPLICATE_METHOD_MATCH = YES;
				CODE_SIGN_IDENTITY = "iPhone Developer";
				COPY_PHASE_STRIP = NO;
				DEBUG_INFORMATION_FORMAT = dwarf;
				ENABLE_STRICT_OBJC_MSGSEND = YES;
				ENABLE_TESTABILITY = YES;
				GCC_C_LANGUAGE_STANDARD = gnu11;
				GCC_DYNAMIC_NO_PIC = NO;
				GCC_NO_COMMON_BLOCKS = YES;
				GCC_OPTIMIZATION_LEVEL = 0;
				GCC_PREPROCESSOR_DEFINITIONS = (
					"DEBUG=1",
					"$(inherited)",
				);
				GCC_WARN_64_TO_32_BIT_CONVERSION = YES;
				GCC_WARN_ABOUT_RETURN_TYPE = YES_ERROR;
				GCC_WARN_UNDECLARED_SELECTOR = YES;
				GCC_WARN_UNINITIALIZED_AUTOS = YES_AGGRESSIVE;
				GCC_WARN_UNUSED_FUNCTION = YES;
				GCC_WARN_UNUSED_VARIABLE = YES;
				IPHONEOS_DEPLOYMENT_TARGET = 12.2;
				MTL_ENABLE_DEBUG_INFO = INCLUDE_SOURCE;
				MTL_FAST_MATH = YES;
				ONLY_ACTIVE_ARCH = YES;
				SDKROOT = iphoneos;
				SWIFT_ACTIVE_COMPILATION_CONDITIONS = DEBUG;
				SWIFT_OPTIMIZATION_LEVEL = "-Onone";
			};
			name = Debug;
		};
		FA97D94D22A23D1C003529EC /* Release */ = {
			isa = XCBuildConfiguration;
			buildSettings = {
				ALWAYS_SEARCH_USER_PATHS = NO;
				CLANG_ANALYZER_NONNULL = YES;
				CLANG_ANALYZER_NUMBER_OBJECT_CONVERSION = YES_AGGRESSIVE;
				CLANG_CXX_LANGUAGE_STANDARD = "gnu++14";
				CLANG_CXX_LIBRARY = "libc++";
				CLANG_ENABLE_MODULES = YES;
				CLANG_ENABLE_OBJC_ARC = YES;
				CLANG_ENABLE_OBJC_WEAK = YES;
				CLANG_WARN_BLOCK_CAPTURE_AUTORELEASING = YES;
				CLANG_WARN_BOOL_CONVERSION = YES;
				CLANG_WARN_COMMA = YES;
				CLANG_WARN_CONSTANT_CONVERSION = YES;
				CLANG_WARN_DEPRECATED_OBJC_IMPLEMENTATIONS = YES;
				CLANG_WARN_DIRECT_OBJC_ISA_USAGE = YES_ERROR;
				CLANG_WARN_DOCUMENTATION_COMMENTS = YES;
				CLANG_WARN_EMPTY_BODY = YES;
				CLANG_WARN_ENUM_CONVERSION = YES;
				CLANG_WARN_INFINITE_RECURSION = YES;
				CLANG_WARN_INT_CONVERSION = YES;
				CLANG_WARN_NON_LITERAL_NULL_CONVERSION = YES;
				CLANG_WARN_OBJC_IMPLICIT_RETAIN_SELF = YES;
				CLANG_WARN_OBJC_LITERAL_CONVERSION = YES;
				CLANG_WARN_OBJC_ROOT_CLASS = YES_ERROR;
				CLANG_WARN_RANGE_LOOP_ANALYSIS = YES;
				CLANG_WARN_STRICT_PROTOTYPES = YES;
				CLANG_WARN_SUSPICIOUS_MOVE = YES;
				CLANG_WARN_UNGUARDED_AVAILABILITY = YES_AGGRESSIVE;
				CLANG_WARN_UNREACHABLE_CODE = YES;
				CLANG_WARN__DUPLICATE_METHOD_MATCH = YES;
				CODE_SIGN_IDENTITY = "iPhone Developer";
				COPY_PHASE_STRIP = NO;
				DEBUG_INFORMATION_FORMAT = "dwarf-with-dsym";
				ENABLE_NS_ASSERTIONS = NO;
				ENABLE_STRICT_OBJC_MSGSEND = YES;
				GCC_C_LANGUAGE_STANDARD = gnu11;
				GCC_NO_COMMON_BLOCKS = YES;
				GCC_WARN_64_TO_32_BIT_CONVERSION = YES;
				GCC_WARN_ABOUT_RETURN_TYPE = YES_ERROR;
				GCC_WARN_UNDECLARED_SELECTOR = YES;
				GCC_WARN_UNINITIALIZED_AUTOS = YES_AGGRESSIVE;
				GCC_WARN_UNUSED_FUNCTION = YES;
				GCC_WARN_UNUSED_VARIABLE = YES;
				IPHONEOS_DEPLOYMENT_TARGET = 12.2;
				MTL_ENABLE_DEBUG_INFO = NO;
				MTL_FAST_MATH = YES;
				SDKROOT = iphoneos;
				SWIFT_COMPILATION_MODE = wholemodule;
				SWIFT_OPTIMIZATION_LEVEL = "-O";
				VALIDATE_PRODUCT = YES;
			};
			name = Release;
		};
		FA97D94F22A23D1C003529EC /* Debug */ = {
			isa = XCBuildConfiguration;
			baseConfigurationReference = 822460F7C2078C912C59353E /* Pods-Pure Dividends.debug.xcconfig */;
			buildSettings = {
				ALWAYS_EMBED_SWIFT_STANDARD_LIBRARIES = YES;
				ASSETCATALOG_COMPILER_APPICON_NAME = AppIcon;
				CODE_SIGN_STYLE = Automatic;
				DEVELOPMENT_TEAM = SAT7295W5H;
				INFOPLIST_FILE = "Pure Dividends/Info.plist";
				IPHONEOS_DEPLOYMENT_TARGET = 12.0;
				LD_RUNPATH_SEARCH_PATHS = (
					"$(inherited)",
					"@executable_path/Frameworks",
				);
				PRODUCT_BUNDLE_IDENTIFIER = "com.iosinterviewguide.Pure-Dividends";
				PRODUCT_NAME = "$(TARGET_NAME)";
				SWIFT_VERSION = 5.0;
				TARGETED_DEVICE_FAMILY = "1,2";
			};
			name = Debug;
		};
		FA97D95022A23D1C003529EC /* Release */ = {
			isa = XCBuildConfiguration;
			baseConfigurationReference = A3AF0AF377115B094567B429 /* Pods-Pure Dividends.release.xcconfig */;
			buildSettings = {
				ALWAYS_EMBED_SWIFT_STANDARD_LIBRARIES = YES;
				ASSETCATALOG_COMPILER_APPICON_NAME = AppIcon;
				CODE_SIGN_STYLE = Automatic;
				DEVELOPMENT_TEAM = SAT7295W5H;
				INFOPLIST_FILE = "Pure Dividends/Info.plist";
				IPHONEOS_DEPLOYMENT_TARGET = 12.0;
				LD_RUNPATH_SEARCH_PATHS = (
					"$(inherited)",
					"@executable_path/Frameworks",
				);
				PRODUCT_BUNDLE_IDENTIFIER = "com.iosinterviewguide.Pure-Dividends";
				PRODUCT_NAME = "$(TARGET_NAME)";
				SWIFT_VERSION = 5.0;
				TARGETED_DEVICE_FAMILY = "1,2";
			};
			name = Release;
		};
		FA97D95222A23D1C003529EC /* Debug */ = {
			isa = XCBuildConfiguration;
			baseConfigurationReference = FCD7A7C0BFD4521E10D25BC5 /* Pods-Pure DividendsTests.debug.xcconfig */;
			buildSettings = {
				ALWAYS_EMBED_SWIFT_STANDARD_LIBRARIES = YES;
				BUNDLE_LOADER = "$(TEST_HOST)";
				CODE_SIGN_STYLE = Automatic;
				DEVELOPMENT_TEAM = SAT7295W5H;
				INFOPLIST_FILE = "Pure DividendsTests/Info.plist";
				IPHONEOS_DEPLOYMENT_TARGET = 13.0;
				LD_RUNPATH_SEARCH_PATHS = (
					"$(inherited)",
					"@executable_path/Frameworks",
					"@loader_path/Frameworks",
				);
				PRODUCT_BUNDLE_IDENTIFIER = "com.iosinterviewguide.Pure-DividendsTests";
				PRODUCT_NAME = "$(TARGET_NAME)";
				SWIFT_VERSION = 5.0;
				TARGETED_DEVICE_FAMILY = "1,2";
				TEST_HOST = "$(BUILT_PRODUCTS_DIR)/Pure Dividends.app/Pure Dividends";
			};
			name = Debug;
		};
		FA97D95322A23D1C003529EC /* Release */ = {
			isa = XCBuildConfiguration;
			baseConfigurationReference = 116FAB4BF6E7473C014D3694 /* Pods-Pure DividendsTests.release.xcconfig */;
			buildSettings = {
				ALWAYS_EMBED_SWIFT_STANDARD_LIBRARIES = YES;
				BUNDLE_LOADER = "$(TEST_HOST)";
				CODE_SIGN_STYLE = Automatic;
				DEVELOPMENT_TEAM = SAT7295W5H;
				INFOPLIST_FILE = "Pure DividendsTests/Info.plist";
				IPHONEOS_DEPLOYMENT_TARGET = 13.0;
				LD_RUNPATH_SEARCH_PATHS = (
					"$(inherited)",
					"@executable_path/Frameworks",
					"@loader_path/Frameworks",
				);
				PRODUCT_BUNDLE_IDENTIFIER = "com.iosinterviewguide.Pure-DividendsTests";
				PRODUCT_NAME = "$(TARGET_NAME)";
				SWIFT_VERSION = 5.0;
				TARGETED_DEVICE_FAMILY = "1,2";
				TEST_HOST = "$(BUILT_PRODUCTS_DIR)/Pure Dividends.app/Pure Dividends";
			};
			name = Release;
		};
		FA97D95522A23D1C003529EC /* Debug */ = {
			isa = XCBuildConfiguration;
			baseConfigurationReference = 06BE5E5FE94B9401BF969F32 /* Pods-Pure DividendsUITests.debug.xcconfig */;
			buildSettings = {
				ALWAYS_EMBED_SWIFT_STANDARD_LIBRARIES = YES;
				CODE_SIGN_STYLE = Automatic;
				DEVELOPMENT_TEAM = SAT7295W5H;
				INFOPLIST_FILE = "Pure DividendsUITests/Info.plist";
				IPHONEOS_DEPLOYMENT_TARGET = 13.0;
				LD_RUNPATH_SEARCH_PATHS = (
					"$(inherited)",
					"@executable_path/Frameworks",
					"@loader_path/Frameworks",
				);
				PRODUCT_BUNDLE_IDENTIFIER = "com.iosinterviewguide.Pure-DividendsUITests";
				PRODUCT_NAME = "$(TARGET_NAME)";
				SWIFT_VERSION = 5.0;
				TARGETED_DEVICE_FAMILY = "1,2";
				TEST_TARGET_NAME = "Pure Dividends";
			};
			name = Debug;
		};
		FA97D95622A23D1C003529EC /* Release */ = {
			isa = XCBuildConfiguration;
			baseConfigurationReference = A6FA8C794C2A9AAC882B8D6E /* Pods-Pure DividendsUITests.release.xcconfig */;
			buildSettings = {
				ALWAYS_EMBED_SWIFT_STANDARD_LIBRARIES = YES;
				CODE_SIGN_STYLE = Automatic;
				DEVELOPMENT_TEAM = SAT7295W5H;
				INFOPLIST_FILE = "Pure DividendsUITests/Info.plist";
				IPHONEOS_DEPLOYMENT_TARGET = 13.0;
				LD_RUNPATH_SEARCH_PATHS = (
					"$(inherited)",
					"@executable_path/Frameworks",
					"@loader_path/Frameworks",
				);
				PRODUCT_BUNDLE_IDENTIFIER = "com.iosinterviewguide.Pure-DividendsUITests";
				PRODUCT_NAME = "$(TARGET_NAME)";
				SWIFT_VERSION = 5.0;
				TARGETED_DEVICE_FAMILY = "1,2";
				TEST_TARGET_NAME = "Pure Dividends";
			};
			name = Release;
		};
/* End XCBuildConfiguration section */

/* Begin XCConfigurationList section */
		FA6522FD22CE84C3001BEEFD /* Build configuration list for PBXNativeTarget "PDPersistence" */ = {
			isa = XCConfigurationList;
			buildConfigurations = (
				FA6522F922CE84C3001BEEFD /* Debug */,
				FA6522FA22CE84C3001BEEFD /* Release */,
			);
			defaultConfigurationIsVisible = 0;
			defaultConfigurationName = Release;
		};
		FA6522FE22CE84C3001BEEFD /* Build configuration list for PBXNativeTarget "PDPersistenceTests" */ = {
			isa = XCConfigurationList;
			buildConfigurations = (
				FA6522FB22CE84C3001BEEFD /* Debug */,
				FA6522FC22CE84C3001BEEFD /* Release */,
			);
			defaultConfigurationIsVisible = 0;
			defaultConfigurationName = Release;
		};
		FA66620D22C9607400E65AC7 /* Build configuration list for PBXNativeTarget "PDNetworking" */ = {
			isa = XCConfigurationList;
			buildConfigurations = (
				FA66620E22C9607400E65AC7 /* Debug */,
				FA66620F22C9607400E65AC7 /* Release */,
			);
			defaultConfigurationIsVisible = 0;
			defaultConfigurationName = Release;
		};
		FA66621122C9607400E65AC7 /* Build configuration list for PBXNativeTarget "PDNetworkingTests" */ = {
			isa = XCConfigurationList;
			buildConfigurations = (
				FA66621222C9607400E65AC7 /* Debug */,
				FA66621322C9607400E65AC7 /* Release */,
			);
			defaultConfigurationIsVisible = 0;
			defaultConfigurationName = Release;
		};
		FA97D92122A23D1B003529EC /* Build configuration list for PBXProject "Pure Dividends" */ = {
			isa = XCConfigurationList;
			buildConfigurations = (
				FA97D94C22A23D1C003529EC /* Debug */,
				FA97D94D22A23D1C003529EC /* Release */,
			);
			defaultConfigurationIsVisible = 0;
			defaultConfigurationName = Release;
		};
		FA97D94E22A23D1C003529EC /* Build configuration list for PBXNativeTarget "Pure Dividends" */ = {
			isa = XCConfigurationList;
			buildConfigurations = (
				FA97D94F22A23D1C003529EC /* Debug */,
				FA97D95022A23D1C003529EC /* Release */,
			);
			defaultConfigurationIsVisible = 0;
			defaultConfigurationName = Release;
		};
		FA97D95122A23D1C003529EC /* Build configuration list for PBXNativeTarget "Pure DividendsTests" */ = {
			isa = XCConfigurationList;
			buildConfigurations = (
				FA97D95222A23D1C003529EC /* Debug */,
				FA97D95322A23D1C003529EC /* Release */,
			);
			defaultConfigurationIsVisible = 0;
			defaultConfigurationName = Release;
		};
		FA97D95422A23D1C003529EC /* Build configuration list for PBXNativeTarget "Pure DividendsUITests" */ = {
			isa = XCConfigurationList;
			buildConfigurations = (
				FA97D95522A23D1C003529EC /* Debug */,
				FA97D95622A23D1C003529EC /* Release */,
			);
			defaultConfigurationIsVisible = 0;
			defaultConfigurationName = Release;
		};
/* End XCConfigurationList section */
	};
	rootObject = FA97D91E22A23D1B003529EC /* Project object */;
}
